// !$*UTF8*$!
{
	archiveVersion = 1;
	classes = {
	};
	objectVersion = 46;
	objects = {

/* Begin PBXBuildFile section */
		29E4B9DF27AF4A5091AA180D /* libPods.a in Frameworks */ = {isa = PBXBuildFile; fileRef = BA4337C41C534E848E097F3F /* libPods.a */; };
		BE6F060B1914970100C6BB7A /* KMSection.m in Sources */ = {isa = PBXBuildFile; fileRef = BE6F06011914970100C6BB7A /* KMSection.m */; };
		BE6F060E1914970100C6BB7A /* KMAccordionTableViewController.m in Sources */ = {isa = PBXBuildFile; fileRef = BE6F06081914970100C6BB7A /* KMAccordionTableViewController.m */; };
		BE6F060F1914970100C6BB7A /* MyViewController.m in Sources */ = {isa = PBXBuildFile; fileRef = BE6F060A1914970100C6BB7A /* MyViewController.m */; };
		BE6F06141914978400C6BB7A /* KMSectionHeaderView.m in Sources */ = {isa = PBXBuildFile; fileRef = BE6F06121914978400C6BB7A /* KMSectionHeaderView.m */; };
		BE6F06151914978400C6BB7A /* KMSectionHeaderView.xib in Resources */ = {isa = PBXBuildFile; fileRef = BE6F06131914978400C6BB7A /* KMSectionHeaderView.xib */; };
		BEEF458F1912B094001C57AA /* Foundation.framework in Frameworks */ = {isa = PBXBuildFile; fileRef = BEEF458E1912B094001C57AA /* Foundation.framework */; };
		BEEF45911912B094001C57AA /* CoreGraphics.framework in Frameworks */ = {isa = PBXBuildFile; fileRef = BEEF45901912B094001C57AA /* CoreGraphics.framework */; };
		BEEF45931912B094001C57AA /* UIKit.framework in Frameworks */ = {isa = PBXBuildFile; fileRef = BEEF45921912B094001C57AA /* UIKit.framework */; };
		BEEF45991912B094001C57AA /* InfoPlist.strings in Resources */ = {isa = PBXBuildFile; fileRef = BEEF45971912B094001C57AA /* InfoPlist.strings */; };
		BEEF459B1912B094001C57AA /* main.m in Sources */ = {isa = PBXBuildFile; fileRef = BEEF459A1912B094001C57AA /* main.m */; };
		BEEF459F1912B094001C57AA /* AppDelegate.m in Sources */ = {isa = PBXBuildFile; fileRef = BEEF459E1912B094001C57AA /* AppDelegate.m */; };
		BEEF45A11912B094001C57AA /* Images.xcassets in Resources */ = {isa = PBXBuildFile; fileRef = BEEF45A01912B094001C57AA /* Images.xcassets */; };
		BEEF45A81912B094001C57AA /* XCTest.framework in Frameworks */ = {isa = PBXBuildFile; fileRef = BEEF45A71912B094001C57AA /* XCTest.framework */; };
		BEEF45A91912B094001C57AA /* Foundation.framework in Frameworks */ = {isa = PBXBuildFile; fileRef = BEEF458E1912B094001C57AA /* Foundation.framework */; };
		BEEF45AA1912B094001C57AA /* UIKit.framework in Frameworks */ = {isa = PBXBuildFile; fileRef = BEEF45921912B094001C57AA /* UIKit.framework */; };
		BEEF45B21912B094001C57AA /* InfoPlist.strings in Resources */ = {isa = PBXBuildFile; fileRef = BEEF45B01912B094001C57AA /* InfoPlist.strings */; };
		BEEF45B41912B094001C57AA /* KMAccordionTableViewTests.m in Sources */ = {isa = PBXBuildFile; fileRef = BEEF45B31912B094001C57AA /* KMAccordionTableViewTests.m */; };
		BEEF45CF1912B343001C57AA /* carat-open.png in Resources */ = {isa = PBXBuildFile; fileRef = BEEF45CD1912B343001C57AA /* carat-open.png */; };
		BEEF45D01912B343001C57AA /* carat.png in Resources */ = {isa = PBXBuildFile; fileRef = BEEF45CE1912B343001C57AA /* carat.png */; };
/* End PBXBuildFile section */

/* Begin PBXContainerItemProxy section */
		BEEF45AB1912B094001C57AA /* PBXContainerItemProxy */ = {
			isa = PBXContainerItemProxy;
			containerPortal = BEEF45831912B094001C57AA /* Project object */;
			proxyType = 1;
			remoteGlobalIDString = BEEF458A1912B094001C57AA;
			remoteInfo = KMAccordionTableView;
		};
/* End PBXContainerItemProxy section */

/* Begin PBXFileReference section */
		924FCAF1317B4EFAAD2A23C4 /* Pods.xcconfig */ = {isa = PBXFileReference; includeInIndex = 1; lastKnownFileType = text.xcconfig; name = Pods.xcconfig; path = Pods/Pods.xcconfig; sourceTree = "<group>"; };
		BA4337C41C534E848E097F3F /* libPods.a */ = {isa = PBXFileReference; explicitFileType = archive.ar; includeInIndex = 0; path = libPods.a; sourceTree = BUILT_PRODUCTS_DIR; };
		BE6F06001914970100C6BB7A /* KMSection.h */ = {isa = PBXFileReference; fileEncoding = 4; lastKnownFileType = sourcecode.c.h; path = KMSection.h; sourceTree = "<group>"; };
		BE6F06011914970100C6BB7A /* KMSection.m */ = {isa = PBXFileReference; fileEncoding = 4; lastKnownFileType = sourcecode.c.objc; path = KMSection.m; sourceTree = "<group>"; };
		BE6F06071914970100C6BB7A /* KMAccordionTableViewController.h */ = {isa = PBXFileReference; fileEncoding = 4; lastKnownFileType = sourcecode.c.h; path = KMAccordionTableViewController.h; sourceTree = "<group>"; };
		BE6F06081914970100C6BB7A /* KMAccordionTableViewController.m */ = {isa = PBXFileReference; fileEncoding = 4; lastKnownFileType = sourcecode.c.objc; path = KMAccordionTableViewController.m; sourceTree = "<group>"; };
		BE6F06091914970100C6BB7A /* MyViewController.h */ = {isa = PBXFileReference; fileEncoding = 4; lastKnownFileType = sourcecode.c.h; path = MyViewController.h; sourceTree = "<group>"; };
		BE6F060A1914970100C6BB7A /* MyViewController.m */ = {isa = PBXFileReference; fileEncoding = 4; lastKnownFileType = sourcecode.c.objc; path = MyViewController.m; sourceTree = "<group>"; };
		BE6F06111914978400C6BB7A /* KMSectionHeaderView.h */ = {isa = PBXFileReference; fileEncoding = 4; lastKnownFileType = sourcecode.c.h; path = KMSectionHeaderView.h; sourceTree = "<group>"; };
		BE6F06121914978400C6BB7A /* KMSectionHeaderView.m */ = {isa = PBXFileReference; fileEncoding = 4; lastKnownFileType = sourcecode.c.objc; path = KMSectionHeaderView.m; sourceTree = "<group>"; };
		BE6F06131914978400C6BB7A /* KMSectionHeaderView.xib */ = {isa = PBXFileReference; fileEncoding = 4; lastKnownFileType = file.xib; path = KMSectionHeaderView.xib; sourceTree = "<group>"; };
		BEEF458B1912B094001C57AA /* KMAccordionTableView.app */ = {isa = PBXFileReference; explicitFileType = wrapper.application; includeInIndex = 0; path = KMAccordionTableView.app; sourceTree = BUILT_PRODUCTS_DIR; };
		BEEF458E1912B094001C57AA /* Foundation.framework */ = {isa = PBXFileReference; lastKnownFileType = wrapper.framework; name = Foundation.framework; path = System/Library/Frameworks/Foundation.framework; sourceTree = SDKROOT; };
		BEEF45901912B094001C57AA /* CoreGraphics.framework */ = {isa = PBXFileReference; lastKnownFileType = wrapper.framework; name = CoreGraphics.framework; path = System/Library/Frameworks/CoreGraphics.framework; sourceTree = SDKROOT; };
		BEEF45921912B094001C57AA /* UIKit.framework */ = {isa = PBXFileReference; lastKnownFileType = wrapper.framework; name = UIKit.framework; path = System/Library/Frameworks/UIKit.framework; sourceTree = SDKROOT; };
		BEEF45961912B094001C57AA /* KMAccordionTableView-Info.plist */ = {isa = PBXFileReference; lastKnownFileType = text.plist.xml; path = "KMAccordionTableView-Info.plist"; sourceTree = "<group>"; };
		BEEF45981912B094001C57AA /* en */ = {isa = PBXFileReference; lastKnownFileType = text.plist.strings; name = en; path = en.lproj/InfoPlist.strings; sourceTree = "<group>"; };
		BEEF459A1912B094001C57AA /* main.m */ = {isa = PBXFileReference; lastKnownFileType = sourcecode.c.objc; path = main.m; sourceTree = "<group>"; };
		BEEF459C1912B094001C57AA /* KMAccordionTableView-Prefix.pch */ = {isa = PBXFileReference; lastKnownFileType = sourcecode.c.h; path = "KMAccordionTableView-Prefix.pch"; sourceTree = "<group>"; };
		BEEF459D1912B094001C57AA /* AppDelegate.h */ = {isa = PBXFileReference; lastKnownFileType = sourcecode.c.h; path = AppDelegate.h; sourceTree = "<group>"; };
		BEEF459E1912B094001C57AA /* AppDelegate.m */ = {isa = PBXFileReference; lastKnownFileType = sourcecode.c.objc; path = AppDelegate.m; sourceTree = "<group>"; };
		BEEF45A01912B094001C57AA /* Images.xcassets */ = {isa = PBXFileReference; lastKnownFileType = folder.assetcatalog; path = Images.xcassets; sourceTree = "<group>"; };
		BEEF45A61912B094001C57AA /* KMAccordionTableViewTests.xctest */ = {isa = PBXFileReference; explicitFileType = wrapper.cfbundle; includeInIndex = 0; path = KMAccordionTableViewTests.xctest; sourceTree = BUILT_PRODUCTS_DIR; };
		BEEF45A71912B094001C57AA /* XCTest.framework */ = {isa = PBXFileReference; lastKnownFileType = wrapper.framework; name = XCTest.framework; path = Library/Frameworks/XCTest.framework; sourceTree = DEVELOPER_DIR; };
		BEEF45AF1912B094001C57AA /* KMAccordionTableViewTests-Info.plist */ = {isa = PBXFileReference; lastKnownFileType = text.plist.xml; path = "KMAccordionTableViewTests-Info.plist"; sourceTree = "<group>"; };
		BEEF45B11912B094001C57AA /* en */ = {isa = PBXFileReference; lastKnownFileType = text.plist.strings; name = en; path = en.lproj/InfoPlist.strings; sourceTree = "<group>"; };
		BEEF45B31912B094001C57AA /* KMAccordionTableViewTests.m */ = {isa = PBXFileReference; lastKnownFileType = sourcecode.c.objc; path = KMAccordionTableViewTests.m; sourceTree = "<group>"; };
		BEEF45CD1912B343001C57AA /* carat-open.png */ = {isa = PBXFileReference; lastKnownFileType = image.png; path = "carat-open.png"; sourceTree = "<group>"; };
		BEEF45CE1912B343001C57AA /* carat.png */ = {isa = PBXFileReference; lastKnownFileType = image.png; path = carat.png; sourceTree = "<group>"; };
/* End PBXFileReference section */

/* Begin PBXFrameworksBuildPhase section */
		BEEF45881912B094001C57AA /* Frameworks */ = {
			isa = PBXFrameworksBuildPhase;
			buildActionMask = 2147483647;
			files = (
				BEEF45911912B094001C57AA /* CoreGraphics.framework in Frameworks */,
				BEEF45931912B094001C57AA /* UIKit.framework in Frameworks */,
				BEEF458F1912B094001C57AA /* Foundation.framework in Frameworks */,
				29E4B9DF27AF4A5091AA180D /* libPods.a in Frameworks */,
			);
			runOnlyForDeploymentPostprocessing = 0;
		};
		BEEF45A31912B094001C57AA /* Frameworks */ = {
			isa = PBXFrameworksBuildPhase;
			buildActionMask = 2147483647;
			files = (
				BEEF45A81912B094001C57AA /* XCTest.framework in Frameworks */,
				BEEF45AA1912B094001C57AA /* UIKit.framework in Frameworks */,
				BEEF45A91912B094001C57AA /* Foundation.framework in Frameworks */,
			);
			runOnlyForDeploymentPostprocessing = 0;
		};
/* End PBXFrameworksBuildPhase section */

/* Begin PBXGroup section */
		BE6F05FE1914970100C6BB7A /* Classes */ = {
			isa = PBXGroup;
			children = (
				BE6F05FF1914970100C6BB7A /* Model */,
				BE6F06101914978400C6BB7A /* Header */,
				BE6F06061914970100C6BB7A /* ViewController */,
			);
			path = Classes;
			sourceTree = "<group>";
		};
		BE6F05FF1914970100C6BB7A /* Model */ = {
			isa = PBXGroup;
			children = (
				BE6F06001914970100C6BB7A /* KMSection.h */,
				BE6F06011914970100C6BB7A /* KMSection.m */,
			);
			path = Model;
			sourceTree = "<group>";
		};
		BE6F06061914970100C6BB7A /* ViewController */ = {
			isa = PBXGroup;
			children = (
				BE6F06071914970100C6BB7A /* KMAccordionTableViewController.h */,
				BE6F06081914970100C6BB7A /* KMAccordionTableViewController.m */,
				BE6F06091914970100C6BB7A /* MyViewController.h */,
				BE6F060A1914970100C6BB7A /* MyViewController.m */,
			);
			path = ViewController;
			sourceTree = "<group>";
		};
		BE6F06101914978400C6BB7A /* Header */ = {
			isa = PBXGroup;
			children = (
				BE6F06111914978400C6BB7A /* KMSectionHeaderView.h */,
				BE6F06121914978400C6BB7A /* KMSectionHeaderView.m */,
				BE6F06131914978400C6BB7A /* KMSectionHeaderView.xib */,
			);
			path = Header;
			sourceTree = "<group>";
		};
		BEEF45821912B094001C57AA = {
			isa = PBXGroup;
			children = (
				BEEF45941912B094001C57AA /* KMAccordionTableView */,
				BEEF45AD1912B094001C57AA /* KMAccordionTableViewTests */,
				BEEF458D1912B094001C57AA /* Frameworks */,
				BEEF458C1912B094001C57AA /* Products */,
				924FCAF1317B4EFAAD2A23C4 /* Pods.xcconfig */,
			);
			sourceTree = "<group>";
		};
		BEEF458C1912B094001C57AA /* Products */ = {
			isa = PBXGroup;
			children = (
				BEEF458B1912B094001C57AA /* KMAccordionTableView.app */,
				BEEF45A61912B094001C57AA /* KMAccordionTableViewTests.xctest */,
			);
			name = Products;
			sourceTree = "<group>";
		};
		BEEF458D1912B094001C57AA /* Frameworks */ = {
			isa = PBXGroup;
			children = (
				BEEF458E1912B094001C57AA /* Foundation.framework */,
				BEEF45901912B094001C57AA /* CoreGraphics.framework */,
				BEEF45921912B094001C57AA /* UIKit.framework */,
				BEEF45A71912B094001C57AA /* XCTest.framework */,
				BA4337C41C534E848E097F3F /* libPods.a */,
			);
			name = Frameworks;
			sourceTree = "<group>";
		};
		BEEF45941912B094001C57AA /* KMAccordionTableView */ = {
			isa = PBXGroup;
			children = (
				BE6F05FE1914970100C6BB7A /* Classes */,
				BEEF459D1912B094001C57AA /* AppDelegate.h */,
				BEEF459E1912B094001C57AA /* AppDelegate.m */,
				BEEF45A01912B094001C57AA /* Images.xcassets */,
				BEEF45C81912B319001C57AA /* Resources */,
				BEEF45951912B094001C57AA /* Supporting Files */,
			);
			path = KMAccordionTableView;
			sourceTree = "<group>";
		};
		BEEF45951912B094001C57AA /* Supporting Files */ = {
			isa = PBXGroup;
			children = (
				BEEF45961912B094001C57AA /* KMAccordionTableView-Info.plist */,
				BEEF45971912B094001C57AA /* InfoPlist.strings */,
				BEEF459A1912B094001C57AA /* main.m */,
				BEEF459C1912B094001C57AA /* KMAccordionTableView-Prefix.pch */,
			);
			name = "Supporting Files";
			sourceTree = "<group>";
		};
		BEEF45AD1912B094001C57AA /* KMAccordionTableViewTests */ = {
			isa = PBXGroup;
			children = (
				BEEF45B31912B094001C57AA /* KMAccordionTableViewTests.m */,
				BEEF45AE1912B094001C57AA /* Supporting Files */,
			);
			path = KMAccordionTableViewTests;
			sourceTree = "<group>";
		};
		BEEF45AE1912B094001C57AA /* Supporting Files */ = {
			isa = PBXGroup;
			children = (
				BEEF45AF1912B094001C57AA /* KMAccordionTableViewTests-Info.plist */,
				BEEF45B01912B094001C57AA /* InfoPlist.strings */,
			);
			name = "Supporting Files";
			sourceTree = "<group>";
		};
		BEEF45C81912B319001C57AA /* Resources */ = {
			isa = PBXGroup;
			children = (
				BEEF45CD1912B343001C57AA /* carat-open.png */,
				BEEF45CE1912B343001C57AA /* carat.png */,
			);
			path = Resources;
			sourceTree = "<group>";
		};
/* End PBXGroup section */

/* Begin PBXNativeTarget section */
		BEEF458A1912B094001C57AA /* KMAccordionTableView */ = {
			isa = PBXNativeTarget;
			buildConfigurationList = BEEF45B71912B094001C57AA /* Build configuration list for PBXNativeTarget "KMAccordionTableView" */;
			buildPhases = (
				042CF6CE4321405DA345E473 /* Check Pods Manifest.lock */,
				BEEF45871912B094001C57AA /* Sources */,
				BEEF45881912B094001C57AA /* Frameworks */,
				BEEF45891912B094001C57AA /* Resources */,
				4A81F6F0C93D43C9AD13658F /* Copy Pods Resources */,
			);
			buildRules = (
			);
			dependencies = (
			);
			name = KMAccordionTableView;
			productName = KMAccordionTableView;
			productReference = BEEF458B1912B094001C57AA /* KMAccordionTableView.app */;
			productType = "com.apple.product-type.application";
		};
		BEEF45A51912B094001C57AA /* KMAccordionTableViewTests */ = {
			isa = PBXNativeTarget;
			buildConfigurationList = BEEF45BA1912B094001C57AA /* Build configuration list for PBXNativeTarget "KMAccordionTableViewTests" */;
			buildPhases = (
				BEEF45A21912B094001C57AA /* Sources */,
				BEEF45A31912B094001C57AA /* Frameworks */,
				BEEF45A41912B094001C57AA /* Resources */,
			);
			buildRules = (
			);
			dependencies = (
				BEEF45AC1912B094001C57AA /* PBXTargetDependency */,
			);
			name = KMAccordionTableViewTests;
			productName = KMAccordionTableViewTests;
			productReference = BEEF45A61912B094001C57AA /* KMAccordionTableViewTests.xctest */;
			productType = "com.apple.product-type.bundle.unit-test";
		};
/* End PBXNativeTarget section */

/* Begin PBXProject section */
		BEEF45831912B094001C57AA /* Project object */ = {
			isa = PBXProject;
			attributes = {
				LastUpgradeCheck = 0510;
				TargetAttributes = {
					BEEF45A51912B094001C57AA = {
						TestTargetID = BEEF458A1912B094001C57AA;
					};
				};
			};
			buildConfigurationList = BEEF45861912B094001C57AA /* Build configuration list for PBXProject "KMAccordionTableView" */;
			compatibilityVersion = "Xcode 3.2";
			developmentRegion = English;
			hasScannedForEncodings = 0;
			knownRegions = (
				en,
			);
			mainGroup = BEEF45821912B094001C57AA;
			productRefGroup = BEEF458C1912B094001C57AA /* Products */;
			projectDirPath = "";
			projectRoot = "";
			targets = (
				BEEF458A1912B094001C57AA /* KMAccordionTableView */,
				BEEF45A51912B094001C57AA /* KMAccordionTableViewTests */,
			);
		};
/* End PBXProject section */

/* Begin PBXResourcesBuildPhase section */
		BEEF45891912B094001C57AA /* Resources */ = {
			isa = PBXResourcesBuildPhase;
			buildActionMask = 2147483647;
			files = (
				BEEF45991912B094001C57AA /* InfoPlist.strings in Resources */,
				BEEF45A11912B094001C57AA /* Images.xcassets in Resources */,
				BE6F06151914978400C6BB7A /* KMSectionHeaderView.xib in Resources */,
				BEEF45CF1912B343001C57AA /* carat-open.png in Resources */,
				BEEF45D01912B343001C57AA /* carat.png in Resources */,
			);
			runOnlyForDeploymentPostprocessing = 0;
		};
		BEEF45A41912B094001C57AA /* Resources */ = {
			isa = PBXResourcesBuildPhase;
			buildActionMask = 2147483647;
			files = (
				BEEF45B21912B094001C57AA /* InfoPlist.strings in Resources */,
			);
			runOnlyForDeploymentPostprocessing = 0;
		};
/* End PBXResourcesBuildPhase section */

/* Begin PBXShellScriptBuildPhase section */
		042CF6CE4321405DA345E473 /* Check Pods Manifest.lock */ = {
			isa = PBXShellScriptBuildPhase;
			buildActionMask = 2147483647;
			files = (
			);
			inputPaths = (
			);
			name = "Check Pods Manifest.lock";
			outputPaths = (
			);
			runOnlyForDeploymentPostprocessing = 0;
			shellPath = /bin/sh;
			shellScript = "diff \"${PODS_ROOT}/../Podfile.lock\" \"${PODS_ROOT}/Manifest.lock\" > /dev/null\nif [[ $? != 0 ]] ; then\n    cat << EOM\nerror: The sandbox is not in sync with the Podfile.lock. Run 'pod install' or update your CocoaPods installation.\nEOM\n    exit 1\nfi\n";
			showEnvVarsInLog = 0;
		};
		4A81F6F0C93D43C9AD13658F /* Copy Pods Resources */ = {
			isa = PBXShellScriptBuildPhase;
			buildActionMask = 2147483647;
			files = (
			);
			inputPaths = (
			);
			name = "Copy Pods Resources";
			outputPaths = (
			);
			runOnlyForDeploymentPostprocessing = 0;
			shellPath = /bin/sh;
			shellScript = "\"${SRCROOT}/Pods/Pods-resources.sh\"\n";
			showEnvVarsInLog = 0;
		};
/* End PBXShellScriptBuildPhase section */

/* Begin PBXSourcesBuildPhase section */
		BEEF45871912B094001C57AA /* Sources */ = {
			isa = PBXSourcesBuildPhase;
			buildActionMask = 2147483647;
			files = (
				BE6F060F1914970100C6BB7A /* MyViewController.m in Sources */,
				BE6F06141914978400C6BB7A /* KMSectionHeaderView.m in Sources */,
				BE6F060B1914970100C6BB7A /* KMSection.m in Sources */,
				BEEF459F1912B094001C57AA /* AppDelegate.m in Sources */,
				BEEF459B1912B094001C57AA /* main.m in Sources */,
				BE6F060E1914970100C6BB7A /* KMAccordionTableViewController.m in Sources */,
			);
			runOnlyForDeploymentPostprocessing = 0;
		};
		BEEF45A21912B094001C57AA /* Sources */ = {
			isa = PBXSourcesBuildPhase;
			buildActionMask = 2147483647;
			files = (
				BEEF45B41912B094001C57AA /* KMAccordionTableViewTests.m in Sources */,
			);
			runOnlyForDeploymentPostprocessing = 0;
		};
/* End PBXSourcesBuildPhase section */

/* Begin PBXTargetDependency section */
		BEEF45AC1912B094001C57AA /* PBXTargetDependency */ = {
			isa = PBXTargetDependency;
			target = BEEF458A1912B094001C57AA /* KMAccordionTableView */;
			targetProxy = BEEF45AB1912B094001C57AA /* PBXContainerItemProxy */;
		};
/* End PBXTargetDependency section */

/* Begin PBXVariantGroup section */
		BEEF45971912B094001C57AA /* InfoPlist.strings */ = {
			isa = PBXVariantGroup;
			children = (
				BEEF45981912B094001C57AA /* en */,
			);
			name = InfoPlist.strings;
			sourceTree = "<group>";
		};
		BEEF45B01912B094001C57AA /* InfoPlist.strings */ = {
			isa = PBXVariantGroup;
			children = (
				BEEF45B11912B094001C57AA /* en */,
			);
			name = InfoPlist.strings;
			sourceTree = "<group>";
		};
/* End PBXVariantGroup section */

/* Begin XCBuildConfiguration section */
		BEEF45B51912B094001C57AA /* Debug */ = {
			isa = XCBuildConfiguration;
			buildSettings = {
				ALWAYS_SEARCH_USER_PATHS = NO;
				CLANG_CXX_LANGUAGE_STANDARD = "gnu++0x";
				CLANG_CXX_LIBRARY = "libc++";
				CLANG_ENABLE_MODULES = YES;
				CLANG_ENABLE_OBJC_ARC = YES;
				CLANG_WARN_BOOL_CONVERSION = YES;
				CLANG_WARN_CONSTANT_CONVERSION = YES;
				CLANG_WARN_DIRECT_OBJC_ISA_USAGE = YES_ERROR;
				CLANG_WARN_EMPTY_BODY = YES;
				CLANG_WARN_ENUM_CONVERSION = YES;
				CLANG_WARN_INT_CONVERSION = YES;
				CLANG_WARN_OBJC_ROOT_CLASS = YES_ERROR;
				CLANG_WARN__DUPLICATE_METHOD_MATCH = YES;
				"CODE_SIGN_IDENTITY[sdk=iphoneos*]" = "iPhone Developer";
				COPY_PHASE_STRIP = NO;
				GCC_C_LANGUAGE_STANDARD = gnu99;
				GCC_DYNAMIC_NO_PIC = NO;
				GCC_OPTIMIZATION_LEVEL = 0;
				GCC_PREPROCESSOR_DEFINITIONS = (
					"DEBUG=1",
					"$(inherited)",
				);
				GCC_SYMBOLS_PRIVATE_EXTERN = NO;
				GCC_WARN_64_TO_32_BIT_CONVERSION = YES;
				GCC_WARN_ABOUT_RETURN_TYPE = YES_ERROR;
				GCC_WARN_UNDECLARED_SELECTOR = YES;
				GCC_WARN_UNINITIALIZED_AUTOS = YES_AGGRESSIVE;
				GCC_WARN_UNUSED_FUNCTION = YES;
				GCC_WARN_UNUSED_VARIABLE = YES;
				IPHONEOS_DEPLOYMENT_TARGET = 7.1;
				ONLY_ACTIVE_ARCH = YES;
				SDKROOT = iphoneos;
			};
			name = Debug;
		};
		BEEF45B61912B094001C57AA /* Release */ = {
			isa = XCBuildConfiguration;
			buildSettings = {
				ALWAYS_SEARCH_USER_PATHS = NO;
				CLANG_CXX_LANGUAGE_STANDARD = "gnu++0x";
				CLANG_CXX_LIBRARY = "libc++";
				CLANG_ENABLE_MODULES = YES;
				CLANG_ENABLE_OBJC_ARC = YES;
				CLANG_WARN_BOOL_CONVERSION = YES;
				CLANG_WARN_CONSTANT_CONVERSION = YES;
				CLANG_WARN_DIRECT_OBJC_ISA_USAGE = YES_ERROR;
				CLANG_WARN_EMPTY_BODY = YES;
				CLANG_WARN_ENUM_CONVERSION = YES;
				CLANG_WARN_INT_CONVERSION = YES;
				CLANG_WARN_OBJC_ROOT_CLASS = YES_ERROR;
				CLANG_WARN__DUPLICATE_METHOD_MATCH = YES;
				"CODE_SIGN_IDENTITY[sdk=iphoneos*]" = "iPhone Developer";
				COPY_PHASE_STRIP = YES;
				ENABLE_NS_ASSERTIONS = NO;
				GCC_C_LANGUAGE_STANDARD = gnu99;
				GCC_WARN_64_TO_32_BIT_CONVERSION = YES;
				GCC_WARN_ABOUT_RETURN_TYPE = YES_ERROR;
				GCC_WARN_UNDECLARED_SELECTOR = YES;
				GCC_WARN_UNINITIALIZED_AUTOS = YES_AGGRESSIVE;
				GCC_WARN_UNUSED_FUNCTION = YES;
				GCC_WARN_UNUSED_VARIABLE = YES;
				IPHONEOS_DEPLOYMENT_TARGET = 7.1;
				SDKROOT = iphoneos;
				VALIDATE_PRODUCT = YES;
			};
			name = Release;
		};
		BEEF45B81912B094001C57AA /* Debug */ = {
			isa = XCBuildConfiguration;
			baseConfigurationReference = 924FCAF1317B4EFAAD2A23C4 /* Pods.xcconfig */;
			buildSettings = {
				ASSETCATALOG_COMPILER_APPICON_NAME = AppIcon;
				ASSETCATALOG_COMPILER_LAUNCHIMAGE_NAME = LaunchImage;
				GCC_PRECOMPILE_PREFIX_HEADER = YES;
				GCC_PREFIX_HEADER = "KMAccordionTableView/KMAccordionTableView-Prefix.pch";
				INFOPLIST_FILE = "KMAccordionTableView/KMAccordionTableView-Info.plist";
				PRODUCT_NAME = "$(TARGET_NAME)";
				WRAPPER_EXTENSION = app;
			};
			name = Debug;
		};
		BEEF45B91912B094001C57AA /* Release */ = {
			isa = XCBuildConfiguration;
			baseConfigurationReference = 924FCAF1317B4EFAAD2A23C4 /* Pods.xcconfig */;
			buildSettings = {
				ASSETCATALOG_COMPILER_APPICON_NAME = AppIcon;
				ASSETCATALOG_COMPILER_LAUNCHIMAGE_NAME = LaunchImage;
				GCC_PRECOMPILE_PREFIX_HEADER = YES;
				GCC_PREFIX_HEADER = "KMAccordionTableView/KMAccordionTableView-Prefix.pch";
				INFOPLIST_FILE = "KMAccordionTableView/KMAccordionTableView-Info.plist";
				PRODUCT_NAME = "$(TARGET_NAME)";
				WRAPPER_EXTENSION = app;
			};
			name = Release;
		};
		BEEF45BB1912B094001C57AA /* Debug */ = {
			isa = XCBuildConfiguration;
			buildSettings = {
				BUNDLE_LOADER = "$(BUILT_PRODUCTS_DIR)/KMAccordionTableView.app/KMAccordionTableView";
				FRAMEWORK_SEARCH_PATHS = (
					"$(SDKROOT)/Developer/Library/Frameworks",
					"$(inherited)",
					"$(DEVELOPER_FRAMEWORKS_DIR)",
				);
				GCC_PRECOMPILE_PREFIX_HEADER = YES;
				GCC_PREFIX_HEADER = "KMAccordionTableView/KMAccordionTableView-Prefix.pch";
				GCC_PREPROCESSOR_DEFINITIONS = (
					"DEBUG=1",
					"$(inherited)",
				);
				INFOPLIST_FILE = "KMAccordionTableViewTests/KMAccordionTableViewTests-Info.plist";
				PRODUCT_NAME = "$(TARGET_NAME)";
				TEST_HOST = "$(BUNDLE_LOADER)";
				WRAPPER_EXTENSION = xctest;
			};
			name = Debug;
		};
		BEEF45BC1912B094001C57AA /* Release */ = {
			isa = XCBuildConfiguration;
			buildSettings = {
				BUNDLE_LOADER = "$(BUILT_PRODUCTS_DIR)/KMAccordionTableView.app/KMAccordionTableView";
				FRAMEWORK_SEARCH_PATHS = (
					"$(SDKROOT)/Developer/Library/Frameworks",
					"$(inherited)",
					"$(DEVELOPER_FRAMEWORKS_DIR)",
				);
				GCC_PRECOMPILE_PREFIX_HEADER = YES;
				GCC_PREFIX_HEADER = "KMAccordionTableView/KMAccordionTableView-Prefix.pch";
				INFOPLIST_FILE = "KMAccordionTableViewTests/KMAccordionTableViewTests-Info.plist";
				PRODUCT_NAME = "$(TARGET_NAME)";
				TEST_HOST = "$(BUNDLE_LOADER)";
				WRAPPER_EXTENSION = xctest;
			};
			name = Release;
		};
/* End XCBuildConfiguration section */

/* Begin XCConfigurationList section */
		BEEF45861912B094001C57AA /* Build configuration list for PBXProject "KMAccordionTableView" */ = {
			isa = XCConfigurationList;
			buildConfigurations = (
				BEEF45B51912B094001C57AA /* Debug */,
				BEEF45B61912B094001C57AA /* Release */,
			);
			defaultConfigurationIsVisible = 0;
			defaultConfigurationName = Release;
		};
		BEEF45B71912B094001C57AA /* Build configuration list for PBXNativeTarget "KMAccordionTableView" */ = {
			isa = XCConfigurationList;
			buildConfigurations = (
				BEEF45B81912B094001C57AA /* Debug */,
				BEEF45B91912B094001C57AA /* Release */,
			);
			defaultConfigurationIsVisible = 0;
			defaultConfigurationName = Release;
		};
		BEEF45BA1912B094001C57AA /* Build configuration list for PBXNativeTarget "KMAccordionTableViewTests" */ = {
			isa = XCConfigurationList;
			buildConfigurations = (
				BEEF45BB1912B094001C57AA /* Debug */,
				BEEF45BC1912B094001C57AA /* Release */,
			);
			defaultConfigurationIsVisible = 0;
			defaultConfigurationName = Release;
		};
/* End XCConfigurationList section */
	};
	rootObject = BEEF45831912B094001C57AA /* Project object */;
}
