<?xml version="1.0" encoding="UTF-8"?>
<!DOCTYPE plist PUBLIC "-//Apple//DTD PLIST 1.0//EN" "http://www.apple.com/DTDs/PropertyList-1.0.dtd">
<plist version="1.0">
<dict>
	<key>archiveVersion</key>
	<string>1</string>
	<key>classes</key>
	<dict/>
	<key>objectVersion</key>
	<string>46</string>
	<key>objects</key>
	<dict>
		<key>10AB0B55E13F454F98CCA404</key>
		<dict>
			<key>buildActionMask</key>
			<string>2147483647</string>
			<key>files</key>
			<array/>
			<key>inputPaths</key>
			<array/>
			<key>isa</key>
			<string>PBXShellScriptBuildPhase</string>
			<key>name</key>
			<string>Copy Pods Resources</string>
			<key>outputPaths</key>
			<array/>
			<key>runOnlyForDeploymentPostprocessing</key>
			<string>0</string>
			<key>shellPath</key>
			<string>/bin/sh</string>
			<key>shellScript</key>
			<string>"${SRCROOT}/Pods/Pods-resources.sh"
</string>
			<key>showEnvVarsInLog</key>
			<string>0</string>
		</dict>
		<key>38CD84FE5C9546799E339B87</key>
		<dict>
			<key>includeInIndex</key>
			<string>1</string>
			<key>isa</key>
			<string>PBXFileReference</string>
			<key>lastKnownFileType</key>
			<string>text.xcconfig</string>
			<key>name</key>
			<string>Pods.xcconfig</string>
			<key>path</key>
			<string>Pods/Pods.xcconfig</string>
			<key>sourceTree</key>
			<string>&lt;group&gt;</string>
		</dict>
		<key>58A2F813C2DB48A6ACECC1AD</key>
		<dict>
			<key>explicitFileType</key>
			<string>archive.ar</string>
			<key>includeInIndex</key>
			<string>0</string>
			<key>isa</key>
			<string>PBXFileReference</string>
			<key>path</key>
			<string>libPods.a</string>
			<key>sourceTree</key>
			<string>BUILT_PRODUCTS_DIR</string>
		</dict>
		<key>7140F31EFEDB44F5927FE2FF</key>
		<dict>
			<key>fileRef</key>
			<string>58A2F813C2DB48A6ACECC1AD</string>
			<key>isa</key>
			<string>PBXBuildFile</string>
		</dict>
		<key>BE6DEF5819180BD3008490FC</key>
		<dict>
			<key>children</key>
			<array>
				<string>BE6DEF6A19180BD4008490FC</string>
				<string>BE6DEF8319180BD9008490FC</string>
				<string>BE6DEF6319180BD4008490FC</string>
				<string>BE6DEF6219180BD4008490FC</string>
				<string>38CD84FE5C9546799E339B87</string>
			</array>
			<key>isa</key>
			<string>PBXGroup</string>
			<key>sourceTree</key>
			<string>&lt;group&gt;</string>
		</dict>
		<key>BE6DEF5919180BD3008490FC</key>
		<dict>
			<key>attributes</key>
			<dict>
				<key>CLASSPREFIX</key>
				<string>KM</string>
				<key>LastUpgradeCheck</key>
				<string>0510</string>
				<key>TargetAttributes</key>
				<dict>
					<key>BE6DEF7B19180BD9008490FC</key>
					<dict>
						<key>TestTargetID</key>
						<string>BE6DEF6019180BD4008490FC</string>
					</dict>
				</dict>
			</dict>
			<key>buildConfigurationList</key>
			<string>BE6DEF5C19180BD3008490FC</string>
			<key>compatibilityVersion</key>
			<string>Xcode 3.2</string>
			<key>developmentRegion</key>
			<string>English</string>
			<key>hasScannedForEncodings</key>
			<string>0</string>
			<key>isa</key>
			<string>PBXProject</string>
			<key>knownRegions</key>
			<array>
				<string>en</string>
			</array>
			<key>mainGroup</key>
			<string>BE6DEF5819180BD3008490FC</string>
			<key>productRefGroup</key>
			<string>BE6DEF6219180BD4008490FC</string>
			<key>projectDirPath</key>
			<string></string>
			<key>projectReferences</key>
			<array/>
			<key>projectRoot</key>
			<string></string>
			<key>targets</key>
			<array>
				<string>BE6DEF6019180BD4008490FC</string>
				<string>BE6DEF7B19180BD9008490FC</string>
			</array>
		</dict>
		<key>BE6DEF5C19180BD3008490FC</key>
		<dict>
			<key>buildConfigurations</key>
			<array>
				<string>BE6DEF8B19180BD9008490FC</string>
				<string>BE6DEF8C19180BD9008490FC</string>
			</array>
			<key>defaultConfigurationIsVisible</key>
			<string>0</string>
			<key>defaultConfigurationName</key>
			<string>Release</string>
			<key>isa</key>
			<string>XCConfigurationList</string>
		</dict>
		<key>BE6DEF5D19180BD4008490FC</key>
		<dict>
			<key>buildActionMask</key>
			<string>2147483647</string>
			<key>files</key>
			<array>
				<string>BE6DEFA419180C7A008490FC</string>
				<string>BE6DEF7519180BD5008490FC</string>
				<string>BE6DEFA019180C7A008490FC</string>
				<string>BE6DEF7119180BD4008490FC</string>
				<string>BE6DEFA219180C7A008490FC</string>
				<string>BE6DEFA319180C7A008490FC</string>
			</array>
			<key>isa</key>
			<string>PBXSourcesBuildPhase</string>
			<key>runOnlyForDeploymentPostprocessing</key>
			<string>0</string>
		</dict>
		<key>BE6DEF5E19180BD4008490FC</key>
		<dict>
			<key>buildActionMask</key>
			<string>2147483647</string>
			<key>files</key>
			<array>
				<string>BE6DEF6719180BD4008490FC</string>
				<string>BE6DEF6919180BD4008490FC</string>
				<string>BE6DEF6519180BD4008490FC</string>
				<string>7140F31EFEDB44F5927FE2FF</string>
			</array>
			<key>isa</key>
			<string>PBXFrameworksBuildPhase</string>
			<key>runOnlyForDeploymentPostprocessing</key>
			<string>0</string>
		</dict>
		<key>BE6DEF5F19180BD4008490FC</key>
		<dict>
			<key>buildActionMask</key>
			<string>2147483647</string>
			<key>files</key>
			<array>
				<string>BE6DEFA119180C7A008490FC</string>
				<string>BE6DEF6F19180BD4008490FC</string>
				<string>BE6DEF7719180BD5008490FC</string>
				<string>BE6DEFA819180D2A008490FC</string>
				<string>BE6DEFA919180D2A008490FC</string>
			</array>
			<key>isa</key>
			<string>PBXResourcesBuildPhase</string>
			<key>runOnlyForDeploymentPostprocessing</key>
			<string>0</string>
		</dict>
		<key>BE6DEF6019180BD4008490FC</key>
		<dict>
			<key>buildConfigurationList</key>
			<string>BE6DEF8D19180BD9008490FC</string>
			<key>buildPhases</key>
			<array>
				<string>E7099655EADC44B9A90A4D4E</string>
				<string>BE6DEF5D19180BD4008490FC</string>
				<string>BE6DEF5E19180BD4008490FC</string>
				<string>BE6DEF5F19180BD4008490FC</string>
				<string>10AB0B55E13F454F98CCA404</string>
			</array>
			<key>buildRules</key>
			<array/>
			<key>dependencies</key>
			<array/>
			<key>isa</key>
			<string>PBXNativeTarget</string>
			<key>name</key>
			<string>KMAccordionTableViewController</string>
			<key>productName</key>
			<string>KMAccordionTableViewController</string>
			<key>productReference</key>
			<string>BE6DEF6119180BD4008490FC</string>
			<key>productType</key>
			<string>com.apple.product-type.application</string>
		</dict>
		<key>BE6DEF6119180BD4008490FC</key>
		<dict>
			<key>explicitFileType</key>
			<string>wrapper.application</string>
			<key>includeInIndex</key>
			<string>0</string>
			<key>isa</key>
			<string>PBXFileReference</string>
			<key>path</key>
			<string>KMAccordionTableViewController.app</string>
			<key>sourceTree</key>
			<string>BUILT_PRODUCTS_DIR</string>
		</dict>
		<key>BE6DEF6219180BD4008490FC</key>
		<dict>
			<key>children</key>
			<array>
				<string>BE6DEF6119180BD4008490FC</string>
				<string>BE6DEF7C19180BD9008490FC</string>
			</array>
			<key>isa</key>
			<string>PBXGroup</string>
			<key>name</key>
			<string>Products</string>
			<key>sourceTree</key>
			<string>&lt;group&gt;</string>
		</dict>
		<key>BE6DEF6319180BD4008490FC</key>
		<dict>
			<key>children</key>
			<array>
				<string>BE6DEF6419180BD4008490FC</string>
				<string>BE6DEF6619180BD4008490FC</string>
				<string>BE6DEF6819180BD4008490FC</string>
				<string>BE6DEF7D19180BD9008490FC</string>
				<string>58A2F813C2DB48A6ACECC1AD</string>
			</array>
			<key>isa</key>
			<string>PBXGroup</string>
			<key>name</key>
			<string>Frameworks</string>
			<key>sourceTree</key>
			<string>&lt;group&gt;</string>
		</dict>
		<key>BE6DEF6419180BD4008490FC</key>
		<dict>
			<key>isa</key>
			<string>PBXFileReference</string>
			<key>lastKnownFileType</key>
			<string>wrapper.framework</string>
			<key>name</key>
			<string>Foundation.framework</string>
			<key>path</key>
			<string>System/Library/Frameworks/Foundation.framework</string>
			<key>sourceTree</key>
			<string>SDKROOT</string>
		</dict>
		<key>BE6DEF6519180BD4008490FC</key>
		<dict>
			<key>fileRef</key>
			<string>BE6DEF6419180BD4008490FC</string>
			<key>isa</key>
			<string>PBXBuildFile</string>
		</dict>
		<key>BE6DEF6619180BD4008490FC</key>
		<dict>
			<key>isa</key>
			<string>PBXFileReference</string>
			<key>lastKnownFileType</key>
			<string>wrapper.framework</string>
			<key>name</key>
			<string>CoreGraphics.framework</string>
			<key>path</key>
			<string>System/Library/Frameworks/CoreGraphics.framework</string>
			<key>sourceTree</key>
			<string>SDKROOT</string>
		</dict>
		<key>BE6DEF6719180BD4008490FC</key>
		<dict>
			<key>fileRef</key>
			<string>BE6DEF6619180BD4008490FC</string>
			<key>isa</key>
			<string>PBXBuildFile</string>
		</dict>
		<key>BE6DEF6819180BD4008490FC</key>
		<dict>
			<key>isa</key>
			<string>PBXFileReference</string>
			<key>lastKnownFileType</key>
			<string>wrapper.framework</string>
			<key>name</key>
			<string>UIKit.framework</string>
			<key>path</key>
			<string>System/Library/Frameworks/UIKit.framework</string>
			<key>sourceTree</key>
			<string>SDKROOT</string>
		</dict>
		<key>BE6DEF6919180BD4008490FC</key>
		<dict>
			<key>fileRef</key>
			<string>BE6DEF6819180BD4008490FC</string>
			<key>isa</key>
			<string>PBXBuildFile</string>
		</dict>
		<key>BE6DEF6A19180BD4008490FC</key>
		<dict>
			<key>children</key>
			<array>
				<string>BE6DEF9319180C7A008490FC</string>
				<string>BE6DEF7319180BD5008490FC</string>
				<string>BE6DEF7419180BD5008490FC</string>
				<string>BE6DEF7619180BD5008490FC</string>
				<string>BE6DEFA519180D2A008490FC</string>
				<string>BE6DEF6B19180BD4008490FC</string>
			</array>
			<key>isa</key>
			<string>PBXGroup</string>
			<key>path</key>
			<string>KMAccordionTableViewController</string>
			<key>sourceTree</key>
			<string>&lt;group&gt;</string>
		</dict>
		<key>BE6DEF6B19180BD4008490FC</key>
		<dict>
			<key>children</key>
			<array>
				<string>BE6DEF6C19180BD4008490FC</string>
				<string>BE6DEF6D19180BD4008490FC</string>
				<string>BE6DEF7019180BD4008490FC</string>
				<string>BE6DEF7219180BD4008490FC</string>
			</array>
			<key>isa</key>
			<string>PBXGroup</string>
			<key>name</key>
			<string>Supporting Files</string>
			<key>sourceTree</key>
			<string>&lt;group&gt;</string>
		</dict>
		<key>BE6DEF6C19180BD4008490FC</key>
		<dict>
			<key>isa</key>
			<string>PBXFileReference</string>
			<key>lastKnownFileType</key>
			<string>text.plist.xml</string>
			<key>path</key>
			<string>KMAccordionTableViewController-Info.plist</string>
			<key>sourceTree</key>
			<string>&lt;group&gt;</string>
		</dict>
		<key>BE6DEF6D19180BD4008490FC</key>
		<dict>
			<key>children</key>
			<array>
				<string>BE6DEF6E19180BD4008490FC</string>
			</array>
			<key>isa</key>
			<string>PBXVariantGroup</string>
			<key>name</key>
			<string>InfoPlist.strings</string>
			<key>sourceTree</key>
			<string>&lt;group&gt;</string>
		</dict>
		<key>BE6DEF6E19180BD4008490FC</key>
		<dict>
			<key>isa</key>
			<string>PBXFileReference</string>
			<key>lastKnownFileType</key>
			<string>text.plist.strings</string>
			<key>name</key>
			<string>en</string>
			<key>path</key>
			<string>en.lproj/InfoPlist.strings</string>
			<key>sourceTree</key>
			<string>&lt;group&gt;</string>
		</dict>
		<key>BE6DEF6F19180BD4008490FC</key>
		<dict>
			<key>fileRef</key>
			<string>BE6DEF6D19180BD4008490FC</string>
			<key>isa</key>
			<string>PBXBuildFile</string>
		</dict>
		<key>BE6DEF7019180BD4008490FC</key>
		<dict>
			<key>isa</key>
			<string>PBXFileReference</string>
			<key>lastKnownFileType</key>
			<string>sourcecode.c.objc</string>
			<key>path</key>
			<string>main.m</string>
			<key>sourceTree</key>
			<string>&lt;group&gt;</string>
		</dict>
		<key>BE6DEF7119180BD4008490FC</key>
		<dict>
			<key>fileRef</key>
			<string>BE6DEF7019180BD4008490FC</string>
			<key>isa</key>
			<string>PBXBuildFile</string>
		</dict>
		<key>BE6DEF7219180BD4008490FC</key>
		<dict>
			<key>isa</key>
			<string>PBXFileReference</string>
			<key>lastKnownFileType</key>
			<string>sourcecode.c.h</string>
			<key>path</key>
			<string>KMAccordionTableViewController-Prefix.pch</string>
			<key>sourceTree</key>
			<string>&lt;group&gt;</string>
		</dict>
		<key>BE6DEF7319180BD5008490FC</key>
		<dict>
			<key>isa</key>
			<string>PBXFileReference</string>
			<key>lastKnownFileType</key>
			<string>sourcecode.c.h</string>
			<key>path</key>
			<string>KMAppDelegate.h</string>
			<key>sourceTree</key>
			<string>&lt;group&gt;</string>
		</dict>
		<key>BE6DEF7419180BD5008490FC</key>
		<dict>
			<key>isa</key>
			<string>PBXFileReference</string>
			<key>lastKnownFileType</key>
			<string>sourcecode.c.objc</string>
			<key>path</key>
			<string>KMAppDelegate.m</string>
			<key>sourceTree</key>
			<string>&lt;group&gt;</string>
		</dict>
		<key>BE6DEF7519180BD5008490FC</key>
		<dict>
			<key>fileRef</key>
			<string>BE6DEF7419180BD5008490FC</string>
			<key>isa</key>
			<string>PBXBuildFile</string>
		</dict>
		<key>BE6DEF7619180BD5008490FC</key>
		<dict>
			<key>isa</key>
			<string>PBXFileReference</string>
			<key>lastKnownFileType</key>
			<string>folder.assetcatalog</string>
			<key>path</key>
			<string>Images.xcassets</string>
			<key>sourceTree</key>
			<string>&lt;group&gt;</string>
		</dict>
		<key>BE6DEF7719180BD5008490FC</key>
		<dict>
			<key>fileRef</key>
			<string>BE6DEF7619180BD5008490FC</string>
			<key>isa</key>
			<string>PBXBuildFile</string>
		</dict>
		<key>BE6DEF7819180BD9008490FC</key>
		<dict>
			<key>buildActionMask</key>
			<string>2147483647</string>
			<key>files</key>
			<array>
				<string>BE6DEF8A19180BD9008490FC</string>
			</array>
			<key>isa</key>
			<string>PBXSourcesBuildPhase</string>
			<key>runOnlyForDeploymentPostprocessing</key>
			<string>0</string>
		</dict>
		<key>BE6DEF7919180BD9008490FC</key>
		<dict>
			<key>buildActionMask</key>
			<string>2147483647</string>
			<key>files</key>
			<array>
				<string>BE6DEF7E19180BD9008490FC</string>
				<string>BE6DEF8019180BD9008490FC</string>
				<string>BE6DEF7F19180BD9008490FC</string>
			</array>
			<key>isa</key>
			<string>PBXFrameworksBuildPhase</string>
			<key>runOnlyForDeploymentPostprocessing</key>
			<string>0</string>
		</dict>
		<key>BE6DEF7A19180BD9008490FC</key>
		<dict>
			<key>buildActionMask</key>
			<string>2147483647</string>
			<key>files</key>
			<array>
				<string>BE6DEF8819180BD9008490FC</string>
			</array>
			<key>isa</key>
			<string>PBXResourcesBuildPhase</string>
			<key>runOnlyForDeploymentPostprocessing</key>
			<string>0</string>
		</dict>
		<key>BE6DEF7B19180BD9008490FC</key>
		<dict>
			<key>buildConfigurationList</key>
			<string>BE6DEF9019180BD9008490FC</string>
			<key>buildPhases</key>
			<array>
				<string>BE6DEF7819180BD9008490FC</string>
				<string>BE6DEF7919180BD9008490FC</string>
				<string>BE6DEF7A19180BD9008490FC</string>
			</array>
			<key>buildRules</key>
			<array/>
			<key>dependencies</key>
			<array>
				<string>BE6DEF8219180BD9008490FC</string>
			</array>
			<key>isa</key>
			<string>PBXNativeTarget</string>
			<key>name</key>
			<string>KMAccordionTableViewControllerTests</string>
			<key>productName</key>
			<string>KMAccordionTableViewControllerTests</string>
			<key>productReference</key>
			<string>BE6DEF7C19180BD9008490FC</string>
			<key>productType</key>
			<string>com.apple.product-type.bundle.unit-test</string>
		</dict>
		<key>BE6DEF7C19180BD9008490FC</key>
		<dict>
			<key>explicitFileType</key>
			<string>wrapper.cfbundle</string>
			<key>includeInIndex</key>
			<string>0</string>
			<key>isa</key>
			<string>PBXFileReference</string>
			<key>path</key>
			<string>KMAccordionTableViewControllerTests.xctest</string>
			<key>sourceTree</key>
			<string>BUILT_PRODUCTS_DIR</string>
		</dict>
		<key>BE6DEF7D19180BD9008490FC</key>
		<dict>
			<key>isa</key>
			<string>PBXFileReference</string>
			<key>lastKnownFileType</key>
			<string>wrapper.framework</string>
			<key>name</key>
			<string>XCTest.framework</string>
			<key>path</key>
			<string>Library/Frameworks/XCTest.framework</string>
			<key>sourceTree</key>
			<string>DEVELOPER_DIR</string>
		</dict>
		<key>BE6DEF7E19180BD9008490FC</key>
		<dict>
			<key>fileRef</key>
			<string>BE6DEF7D19180BD9008490FC</string>
			<key>isa</key>
			<string>PBXBuildFile</string>
		</dict>
		<key>BE6DEF7F19180BD9008490FC</key>
		<dict>
			<key>fileRef</key>
			<string>BE6DEF6419180BD4008490FC</string>
			<key>isa</key>
			<string>PBXBuildFile</string>
		</dict>
		<key>BE6DEF8019180BD9008490FC</key>
		<dict>
			<key>fileRef</key>
			<string>BE6DEF6819180BD4008490FC</string>
			<key>isa</key>
			<string>PBXBuildFile</string>
		</dict>
		<key>BE6DEF8119180BD9008490FC</key>
		<dict>
			<key>containerPortal</key>
			<string>BE6DEF5919180BD3008490FC</string>
			<key>isa</key>
			<string>PBXContainerItemProxy</string>
			<key>proxyType</key>
			<string>1</string>
			<key>remoteGlobalIDString</key>
			<string>BE6DEF6019180BD4008490FC</string>
			<key>remoteInfo</key>
			<string>KMAccordionTableViewController</string>
		</dict>
		<key>BE6DEF8219180BD9008490FC</key>
		<dict>
			<key>isa</key>
			<string>PBXTargetDependency</string>
			<key>target</key>
			<string>BE6DEF6019180BD4008490FC</string>
			<key>targetProxy</key>
			<string>BE6DEF8119180BD9008490FC</string>
		</dict>
		<key>BE6DEF8319180BD9008490FC</key>
		<dict>
			<key>children</key>
			<array>
				<string>BE6DEF8919180BD9008490FC</string>
				<string>BE6DEF8419180BD9008490FC</string>
			</array>
			<key>isa</key>
			<string>PBXGroup</string>
			<key>path</key>
			<string>KMAccordionTableViewControllerTests</string>
			<key>sourceTree</key>
			<string>&lt;group&gt;</string>
		</dict>
		<key>BE6DEF8419180BD9008490FC</key>
		<dict>
			<key>children</key>
			<array>
				<string>BE6DEF8519180BD9008490FC</string>
				<string>BE6DEF8619180BD9008490FC</string>
			</array>
			<key>isa</key>
			<string>PBXGroup</string>
			<key>name</key>
			<string>Supporting Files</string>
			<key>sourceTree</key>
			<string>&lt;group&gt;</string>
		</dict>
		<key>BE6DEF8519180BD9008490FC</key>
		<dict>
			<key>isa</key>
			<string>PBXFileReference</string>
			<key>lastKnownFileType</key>
			<string>text.plist.xml</string>
			<key>path</key>
			<string>KMAccordionTableViewControllerTests-Info.plist</string>
			<key>sourceTree</key>
			<string>&lt;group&gt;</string>
		</dict>
		<key>BE6DEF8619180BD9008490FC</key>
		<dict>
			<key>children</key>
			<array>
				<string>BE6DEF8719180BD9008490FC</string>
			</array>
			<key>isa</key>
			<string>PBXVariantGroup</string>
			<key>name</key>
			<string>InfoPlist.strings</string>
			<key>sourceTree</key>
			<string>&lt;group&gt;</string>
		</dict>
		<key>BE6DEF8719180BD9008490FC</key>
		<dict>
			<key>isa</key>
			<string>PBXFileReference</string>
			<key>lastKnownFileType</key>
			<string>text.plist.strings</string>
			<key>name</key>
			<string>en</string>
			<key>path</key>
			<string>en.lproj/InfoPlist.strings</string>
			<key>sourceTree</key>
			<string>&lt;group&gt;</string>
		</dict>
		<key>BE6DEF8819180BD9008490FC</key>
		<dict>
			<key>fileRef</key>
			<string>BE6DEF8619180BD9008490FC</string>
			<key>isa</key>
			<string>PBXBuildFile</string>
		</dict>
		<key>BE6DEF8919180BD9008490FC</key>
		<dict>
			<key>isa</key>
			<string>PBXFileReference</string>
			<key>lastKnownFileType</key>
			<string>sourcecode.c.objc</string>
			<key>path</key>
			<string>KMAccordionTableViewControllerTests.m</string>
			<key>sourceTree</key>
			<string>&lt;group&gt;</string>
		</dict>
		<key>BE6DEF8A19180BD9008490FC</key>
		<dict>
			<key>fileRef</key>
			<string>BE6DEF8919180BD9008490FC</string>
			<key>isa</key>
			<string>PBXBuildFile</string>
		</dict>
		<key>BE6DEF8B19180BD9008490FC</key>
		<dict>
			<key>buildSettings</key>
			<dict>
				<key>ALWAYS_SEARCH_USER_PATHS</key>
				<string>NO</string>
				<key>CLANG_CXX_LANGUAGE_STANDARD</key>
				<string>gnu++0x</string>
				<key>CLANG_CXX_LIBRARY</key>
				<string>libc++</string>
				<key>CLANG_ENABLE_MODULES</key>
				<string>YES</string>
				<key>CLANG_ENABLE_OBJC_ARC</key>
				<string>YES</string>
				<key>CLANG_WARN_BOOL_CONVERSION</key>
				<string>YES</string>
				<key>CLANG_WARN_CONSTANT_CONVERSION</key>
				<string>YES</string>
				<key>CLANG_WARN_DIRECT_OBJC_ISA_USAGE</key>
				<string>YES_ERROR</string>
				<key>CLANG_WARN_EMPTY_BODY</key>
				<string>YES</string>
				<key>CLANG_WARN_ENUM_CONVERSION</key>
				<string>YES</string>
				<key>CLANG_WARN_INT_CONVERSION</key>
				<string>YES</string>
				<key>CLANG_WARN_OBJC_ROOT_CLASS</key>
				<string>YES_ERROR</string>
				<key>CLANG_WARN__DUPLICATE_METHOD_MATCH</key>
				<string>YES</string>
				<key>CODE_SIGN_IDENTITY[sdk=iphoneos*]</key>
				<string>iPhone Developer</string>
				<key>COPY_PHASE_STRIP</key>
				<string>NO</string>
				<key>GCC_C_LANGUAGE_STANDARD</key>
				<string>gnu99</string>
				<key>GCC_DYNAMIC_NO_PIC</key>
				<string>NO</string>
				<key>GCC_OPTIMIZATION_LEVEL</key>
				<string>0</string>
				<key>GCC_PREPROCESSOR_DEFINITIONS</key>
				<array>
					<string>DEBUG=1</string>
					<string>$(inherited)</string>
				</array>
				<key>GCC_SYMBOLS_PRIVATE_EXTERN</key>
				<string>NO</string>
				<key>GCC_WARN_64_TO_32_BIT_CONVERSION</key>
				<string>YES</string>
				<key>GCC_WARN_ABOUT_RETURN_TYPE</key>
				<string>YES_ERROR</string>
				<key>GCC_WARN_UNDECLARED_SELECTOR</key>
				<string>YES</string>
				<key>GCC_WARN_UNINITIALIZED_AUTOS</key>
				<string>YES_AGGRESSIVE</string>
				<key>GCC_WARN_UNUSED_FUNCTION</key>
				<string>YES</string>
				<key>GCC_WARN_UNUSED_VARIABLE</key>
				<string>YES</string>
				<key>IPHONEOS_DEPLOYMENT_TARGET</key>
				<string>7.1</string>
				<key>ONLY_ACTIVE_ARCH</key>
				<string>YES</string>
				<key>SDKROOT</key>
				<string>iphoneos</string>
			</dict>
			<key>isa</key>
			<string>XCBuildConfiguration</string>
			<key>name</key>
			<string>Debug</string>
		</dict>
		<key>BE6DEF8C19180BD9008490FC</key>
		<dict>
			<key>buildSettings</key>
			<dict>
				<key>ALWAYS_SEARCH_USER_PATHS</key>
				<string>NO</string>
				<key>CLANG_CXX_LANGUAGE_STANDARD</key>
				<string>gnu++0x</string>
				<key>CLANG_CXX_LIBRARY</key>
				<string>libc++</string>
				<key>CLANG_ENABLE_MODULES</key>
				<string>YES</string>
				<key>CLANG_ENABLE_OBJC_ARC</key>
				<string>YES</string>
				<key>CLANG_WARN_BOOL_CONVERSION</key>
				<string>YES</string>
				<key>CLANG_WARN_CONSTANT_CONVERSION</key>
				<string>YES</string>
				<key>CLANG_WARN_DIRECT_OBJC_ISA_USAGE</key>
				<string>YES_ERROR</string>
				<key>CLANG_WARN_EMPTY_BODY</key>
				<string>YES</string>
				<key>CLANG_WARN_ENUM_CONVERSION</key>
				<string>YES</string>
				<key>CLANG_WARN_INT_CONVERSION</key>
				<string>YES</string>
				<key>CLANG_WARN_OBJC_ROOT_CLASS</key>
				<string>YES_ERROR</string>
				<key>CLANG_WARN__DUPLICATE_METHOD_MATCH</key>
				<string>YES</string>
				<key>CODE_SIGN_IDENTITY[sdk=iphoneos*]</key>
				<string>iPhone Developer</string>
				<key>COPY_PHASE_STRIP</key>
				<string>YES</string>
				<key>ENABLE_NS_ASSERTIONS</key>
				<string>NO</string>
				<key>GCC_C_LANGUAGE_STANDARD</key>
				<string>gnu99</string>
				<key>GCC_WARN_64_TO_32_BIT_CONVERSION</key>
				<string>YES</string>
				<key>GCC_WARN_ABOUT_RETURN_TYPE</key>
				<string>YES_ERROR</string>
				<key>GCC_WARN_UNDECLARED_SELECTOR</key>
				<string>YES</string>
				<key>GCC_WARN_UNINITIALIZED_AUTOS</key>
				<string>YES_AGGRESSIVE</string>
				<key>GCC_WARN_UNUSED_FUNCTION</key>
				<string>YES</string>
				<key>GCC_WARN_UNUSED_VARIABLE</key>
				<string>YES</string>
				<key>IPHONEOS_DEPLOYMENT_TARGET</key>
				<string>7.1</string>
				<key>SDKROOT</key>
				<string>iphoneos</string>
				<key>VALIDATE_PRODUCT</key>
				<string>YES</string>
			</dict>
			<key>isa</key>
			<string>XCBuildConfiguration</string>
			<key>name</key>
			<string>Release</string>
		</dict>
		<key>BE6DEF8D19180BD9008490FC</key>
		<dict>
			<key>buildConfigurations</key>
			<array>
				<string>BE6DEF8E19180BD9008490FC</string>
				<string>BE6DEF8F19180BD9008490FC</string>
			</array>
			<key>defaultConfigurationIsVisible</key>
			<string>0</string>
			<key>defaultConfigurationName</key>
			<string>Release</string>
			<key>isa</key>
			<string>XCConfigurationList</string>
		</dict>
		<key>BE6DEF8E19180BD9008490FC</key>
		<dict>
			<key>baseConfigurationReference</key>
			<string>38CD84FE5C9546799E339B87</string>
			<key>buildSettings</key>
			<dict>
				<key>ASSETCATALOG_COMPILER_APPICON_NAME</key>
				<string>AppIcon</string>
				<key>ASSETCATALOG_COMPILER_LAUNCHIMAGE_NAME</key>
				<string>LaunchImage</string>
				<key>GCC_PRECOMPILE_PREFIX_HEADER</key>
				<string>YES</string>
				<key>GCC_PREFIX_HEADER</key>
				<string>KMAccordionTableViewController/KMAccordionTableViewController-Prefix.pch</string>
				<key>INFOPLIST_FILE</key>
				<string>KMAccordionTableViewController/KMAccordionTableViewController-Info.plist</string>
				<key>PRODUCT_NAME</key>
				<string>$(TARGET_NAME)</string>
				<key>WRAPPER_EXTENSION</key>
				<string>app</string>
			</dict>
			<key>isa</key>
			<string>XCBuildConfiguration</string>
			<key>name</key>
			<string>Debug</string>
		</dict>
		<key>BE6DEF8F19180BD9008490FC</key>
		<dict>
			<key>baseConfigurationReference</key>
			<string>38CD84FE5C9546799E339B87</string>
			<key>buildSettings</key>
			<dict>
				<key>ASSETCATALOG_COMPILER_APPICON_NAME</key>
				<string>AppIcon</string>
				<key>ASSETCATALOG_COMPILER_LAUNCHIMAGE_NAME</key>
				<string>LaunchImage</string>
				<key>GCC_PRECOMPILE_PREFIX_HEADER</key>
				<string>YES</string>
				<key>GCC_PREFIX_HEADER</key>
				<string>KMAccordionTableViewController/KMAccordionTableViewController-Prefix.pch</string>
				<key>INFOPLIST_FILE</key>
				<string>KMAccordionTableViewController/KMAccordionTableViewController-Info.plist</string>
				<key>PRODUCT_NAME</key>
				<string>$(TARGET_NAME)</string>
				<key>WRAPPER_EXTENSION</key>
				<string>app</string>
			</dict>
			<key>isa</key>
			<string>XCBuildConfiguration</string>
			<key>name</key>
			<string>Release</string>
		</dict>
		<key>BE6DEF9019180BD9008490FC</key>
		<dict>
			<key>buildConfigurations</key>
			<array>
				<string>BE6DEF9119180BD9008490FC</string>
				<string>BE6DEF9219180BD9008490FC</string>
			</array>
			<key>defaultConfigurationIsVisible</key>
			<string>0</string>
			<key>defaultConfigurationName</key>
			<string>Release</string>
			<key>isa</key>
			<string>XCConfigurationList</string>
		</dict>
		<key>BE6DEF9119180BD9008490FC</key>
		<dict>
			<key>buildSettings</key>
			<dict>
				<key>BUNDLE_LOADER</key>
				<string>$(BUILT_PRODUCTS_DIR)/KMAccordionTableViewController.app/KMAccordionTableViewController</string>
				<key>FRAMEWORK_SEARCH_PATHS</key>
				<array>
					<string>$(SDKROOT)/Developer/Library/Frameworks</string>
					<string>$(inherited)</string>
					<string>$(DEVELOPER_FRAMEWORKS_DIR)</string>
				</array>
				<key>GCC_PRECOMPILE_PREFIX_HEADER</key>
				<string>YES</string>
				<key>GCC_PREFIX_HEADER</key>
				<string>KMAccordionTableViewController/KMAccordionTableViewController-Prefix.pch</string>
				<key>GCC_PREPROCESSOR_DEFINITIONS</key>
				<array>
					<string>DEBUG=1</string>
					<string>$(inherited)</string>
				</array>
				<key>INFOPLIST_FILE</key>
				<string>KMAccordionTableViewControllerTests/KMAccordionTableViewControllerTests-Info.plist</string>
				<key>PRODUCT_NAME</key>
				<string>$(TARGET_NAME)</string>
				<key>TEST_HOST</key>
				<string>$(BUNDLE_LOADER)</string>
				<key>WRAPPER_EXTENSION</key>
				<string>xctest</string>
			</dict>
			<key>isa</key>
			<string>XCBuildConfiguration</string>
			<key>name</key>
			<string>Debug</string>
		</dict>
		<key>BE6DEF9219180BD9008490FC</key>
		<dict>
			<key>buildSettings</key>
			<dict>
				<key>BUNDLE_LOADER</key>
				<string>$(BUILT_PRODUCTS_DIR)/KMAccordionTableViewController.app/KMAccordionTableViewController</string>
				<key>FRAMEWORK_SEARCH_PATHS</key>
				<array>
					<string>$(SDKROOT)/Developer/Library/Frameworks</string>
					<string>$(inherited)</string>
					<string>$(DEVELOPER_FRAMEWORKS_DIR)</string>
				</array>
				<key>GCC_PRECOMPILE_PREFIX_HEADER</key>
				<string>YES</string>
				<key>GCC_PREFIX_HEADER</key>
				<string>KMAccordionTableViewController/KMAccordionTableViewController-Prefix.pch</string>
				<key>INFOPLIST_FILE</key>
				<string>KMAccordionTableViewControllerTests/KMAccordionTableViewControllerTests-Info.plist</string>
				<key>PRODUCT_NAME</key>
				<string>$(TARGET_NAME)</string>
				<key>TEST_HOST</key>
				<string>$(BUNDLE_LOADER)</string>
				<key>WRAPPER_EXTENSION</key>
				<string>xctest</string>
			</dict>
			<key>isa</key>
			<string>XCBuildConfiguration</string>
			<key>name</key>
			<string>Release</string>
		</dict>
		<key>BE6DEF9319180C7A008490FC</key>
		<dict>
			<key>children</key>
			<array>
				<string>BE6DEF9419180C7A008490FC</string>
				<string>BE6DEF9819180C7A008490FC</string>
				<string>BE6DEF9B19180C7A008490FC</string>
			</array>
			<key>isa</key>
			<string>PBXGroup</string>
			<key>path</key>
			<string>Classes</string>
			<key>sourceTree</key>
			<string>&lt;group&gt;</string>
		</dict>
		<key>BE6DEF9419180C7A008490FC</key>
		<dict>
			<key>children</key>
			<array>
				<string>BE6DEF9519180C7A008490FC</string>
				<string>BE6DEF9619180C7A008490FC</string>
				<string>BE6DEF9719180C7A008490FC</string>
			</array>
			<key>isa</key>
			<string>PBXGroup</string>
			<key>path</key>
			<string>Header</string>
			<key>sourceTree</key>
			<string>&lt;group&gt;</string>
		</dict>
		<key>BE6DEF9519180C7A008490FC</key>
		<dict>
			<key>fileEncoding</key>
			<string>4</string>
			<key>isa</key>
			<string>PBXFileReference</string>
			<key>lastKnownFileType</key>
			<string>sourcecode.c.h</string>
			<key>path</key>
			<string>KMSectionHeaderView.h</string>
			<key>sourceTree</key>
			<string>&lt;group&gt;</string>
		</dict>
		<key>BE6DEF9619180C7A008490FC</key>
		<dict>
			<key>fileEncoding</key>
			<string>4</string>
			<key>isa</key>
			<string>PBXFileReference</string>
			<key>lastKnownFileType</key>
			<string>sourcecode.c.objc</string>
			<key>path</key>
			<string>KMSectionHeaderView.m</string>
			<key>sourceTree</key>
			<string>&lt;group&gt;</string>
		</dict>
		<key>BE6DEF9719180C7A008490FC</key>
		<dict>
			<key>fileEncoding</key>
			<string>4</string>
			<key>isa</key>
			<string>PBXFileReference</string>
			<key>lastKnownFileType</key>
			<string>file.xib</string>
			<key>path</key>
			<string>KMSectionHeaderView.xib</string>
			<key>sourceTree</key>
			<string>&lt;group&gt;</string>
		</dict>
		<key>BE6DEF9819180C7A008490FC</key>
		<dict>
			<key>children</key>
			<array>
				<string>BE6DEF9919180C7A008490FC</string>
				<string>BE6DEF9A19180C7A008490FC</string>
			</array>
			<key>isa</key>
			<string>PBXGroup</string>
			<key>path</key>
			<string>Model</string>
			<key>sourceTree</key>
			<string>&lt;group&gt;</string>
		</dict>
		<key>BE6DEF9919180C7A008490FC</key>
		<dict>
			<key>fileEncoding</key>
			<string>4</string>
			<key>isa</key>
			<string>PBXFileReference</string>
			<key>lastKnownFileType</key>
			<string>sourcecode.c.h</string>
			<key>path</key>
			<string>KMSection.h</string>
			<key>sourceTree</key>
			<string>&lt;group&gt;</string>
		</dict>
		<key>BE6DEF9A19180C7A008490FC</key>
		<dict>
			<key>fileEncoding</key>
			<string>4</string>
			<key>isa</key>
			<string>PBXFileReference</string>
			<key>lastKnownFileType</key>
			<string>sourcecode.c.objc</string>
			<key>path</key>
			<string>KMSection.m</string>
			<key>sourceTree</key>
			<string>&lt;group&gt;</string>
		</dict>
		<key>BE6DEF9B19180C7A008490FC</key>
		<dict>
			<key>children</key>
			<array>
				<string>BE6DEF9C19180C7A008490FC</string>
				<string>BE6DEF9D19180C7A008490FC</string>
				<string>BE6DEF9E19180C7A008490FC</string>
				<string>BE6DEF9F19180C7A008490FC</string>
			</array>
			<key>isa</key>
			<string>PBXGroup</string>
			<key>path</key>
			<string>ViewController</string>
			<key>sourceTree</key>
			<string>&lt;group&gt;</string>
		</dict>
		<key>BE6DEF9C19180C7A008490FC</key>
		<dict>
			<key>fileEncoding</key>
			<string>4</string>
			<key>isa</key>
			<string>PBXFileReference</string>
			<key>lastKnownFileType</key>
			<string>sourcecode.c.h</string>
			<key>path</key>
			<string>KMAccordionTableViewController.h</string>
			<key>sourceTree</key>
			<string>&lt;group&gt;</string>
		</dict>
		<key>BE6DEF9D19180C7A008490FC</key>
		<dict>
			<key>fileEncoding</key>
			<string>4</string>
			<key>isa</key>
			<string>PBXFileReference</string>
			<key>lastKnownFileType</key>
			<string>sourcecode.c.objc</string>
			<key>path</key>
			<string>KMAccordionTableViewController.m</string>
			<key>sourceTree</key>
			<string>&lt;group&gt;</string>
		</dict>
		<key>BE6DEF9E19180C7A008490FC</key>
		<dict>
			<key>fileEncoding</key>
			<string>4</string>
			<key>isa</key>
			<string>PBXFileReference</string>
			<key>lastKnownFileType</key>
			<string>sourcecode.c.h</string>
			<key>path</key>
			<string>MyViewController.h</string>
			<key>sourceTree</key>
			<string>&lt;group&gt;</string>
		</dict>
		<key>BE6DEF9F19180C7A008490FC</key>
		<dict>
			<key>fileEncoding</key>
			<string>4</string>
			<key>isa</key>
			<string>PBXFileReference</string>
			<key>lastKnownFileType</key>
			<string>sourcecode.c.objc</string>
			<key>path</key>
			<string>MyViewController.m</string>
			<key>sourceTree</key>
			<string>&lt;group&gt;</string>
		</dict>
		<key>BE6DEFA019180C7A008490FC</key>
		<dict>
			<key>fileRef</key>
			<string>BE6DEF9619180C7A008490FC</string>
			<key>isa</key>
			<string>PBXBuildFile</string>
		</dict>
		<key>BE6DEFA119180C7A008490FC</key>
		<dict>
			<key>fileRef</key>
			<string>BE6DEF9719180C7A008490FC</string>
			<key>isa</key>
			<string>PBXBuildFile</string>
		</dict>
		<key>BE6DEFA219180C7A008490FC</key>
		<dict>
			<key>fileRef</key>
			<string>BE6DEF9A19180C7A008490FC</string>
			<key>isa</key>
			<string>PBXBuildFile</string>
		</dict>
		<key>BE6DEFA319180C7A008490FC</key>
		<dict>
			<key>fileRef</key>
			<string>BE6DEF9D19180C7A008490FC</string>
			<key>isa</key>
			<string>PBXBuildFile</string>
		</dict>
		<key>BE6DEFA419180C7A008490FC</key>
		<dict>
			<key>fileRef</key>
			<string>BE6DEF9F19180C7A008490FC</string>
			<key>isa</key>
			<string>PBXBuildFile</string>
		</dict>
		<key>BE6DEFA519180D2A008490FC</key>
		<dict>
			<key>children</key>
			<array>
				<string>BE6DEFA619180D2A008490FC</string>
				<string>BE6DEFA719180D2A008490FC</string>
			</array>
			<key>isa</key>
			<string>PBXGroup</string>
			<key>path</key>
			<string>Resources</string>
			<key>sourceTree</key>
			<string>&lt;group&gt;</string>
		</dict>
		<key>BE6DEFA619180D2A008490FC</key>
		<dict>
			<key>isa</key>
			<string>PBXFileReference</string>
			<key>lastKnownFileType</key>
			<string>image.png</string>
			<key>path</key>
			<string>carat-open.png</string>
			<key>sourceTree</key>
			<string>&lt;group&gt;</string>
		</dict>
		<key>BE6DEFA719180D2A008490FC</key>
		<dict>
			<key>isa</key>
			<string>PBXFileReference</string>
			<key>lastKnownFileType</key>
			<string>image.png</string>
			<key>path</key>
			<string>carat.png</string>
			<key>sourceTree</key>
			<string>&lt;group&gt;</string>
		</dict>
		<key>BE6DEFA819180D2A008490FC</key>
		<dict>
			<key>fileRef</key>
			<string>BE6DEFA619180D2A008490FC</string>
			<key>isa</key>
			<string>PBXBuildFile</string>
		</dict>
		<key>BE6DEFA919180D2A008490FC</key>
		<dict>
			<key>fileRef</key>
			<string>BE6DEFA719180D2A008490FC</string>
			<key>isa</key>
			<string>PBXBuildFile</string>
		</dict>
		<key>E7099655EADC44B9A90A4D4E</key>
		<dict>
			<key>buildActionMask</key>
			<string>2147483647</string>
			<key>files</key>
			<array/>
			<key>inputPaths</key>
			<array/>
			<key>isa</key>
			<string>PBXShellScriptBuildPhase</string>
			<key>name</key>
			<string>Check Pods Manifest.lock</string>
			<key>outputPaths</key>
			<array/>
			<key>runOnlyForDeploymentPostprocessing</key>
			<string>0</string>
			<key>shellPath</key>
			<string>/bin/sh</string>
			<key>shellScript</key>
			<string>diff "${PODS_ROOT}/../Podfile.lock" "${PODS_ROOT}/Manifest.lock" &gt; /dev/null
if [[ $? != 0 ]] ; then
    cat &lt;&lt; EOM
error: The sandbox is not in sync with the Podfile.lock. Run 'pod install' or update your CocoaPods installation.
EOM
    exit 1
fi
</string>
			<key>showEnvVarsInLog</key>
			<string>0</string>
		</dict>
	</dict>
	<key>rootObject</key>
	<string>BE6DEF5919180BD3008490FC</string>
</dict>
</plist>
