// !$*UTF8*$!
{
	archiveVersion = 1;
	classes = {
	};
	objectVersion = 46;
	objects = {

/* Begin PBXBuildFile section */
		144BCC01198278DC009D3E5C /* facebook_email.png in Resources */ = {isa = PBXBuildFile; fileRef = 144BCBFE198278DC009D3E5C /* facebook_email.png */; };
		144BCC02198278DC009D3E5C /* linkdin_Email.png in Resources */ = {isa = PBXBuildFile; fileRef = 144BCBFF198278DC009D3E5C /* linkdin_Email.png */; };
		144BCC03198278DC009D3E5C /* Skype_Email.png in Resources */ = {isa = PBXBuildFile; fileRef = 144BCC00198278DC009D3E5C /* Skype_Email.png */; };
		6F4882DDE569E80F4FABE10A /* KMAppearence.m in Sources */ = {isa = PBXBuildFile; fileRef = 6F488B930B10737E789F36D8 /* KMAppearence.m */; };
		7140F31EFEDB44F5927FE2FF /* libPods.a in Frameworks */ = {isa = PBXBuildFile; fileRef = 58A2F813C2DB48A6ACECC1AD /* libPods.a */; };
		BE6DEF6519180BD4008490FC /* Foundation.framework in Frameworks */ = {isa = PBXBuildFile; fileRef = BE6DEF6419180BD4008490FC /* Foundation.framework */; };
		BE6DEF6719180BD4008490FC /* CoreGraphics.framework in Frameworks */ = {isa = PBXBuildFile; fileRef = BE6DEF6619180BD4008490FC /* CoreGraphics.framework */; };
		BE6DEF6919180BD4008490FC /* UIKit.framework in Frameworks */ = {isa = PBXBuildFile; fileRef = BE6DEF6819180BD4008490FC /* UIKit.framework */; };
		BE6DEF6F19180BD4008490FC /* InfoPlist.strings in Resources */ = {isa = PBXBuildFile; fileRef = BE6DEF6D19180BD4008490FC /* InfoPlist.strings */; };
		BE6DEF7119180BD4008490FC /* main.m in Sources */ = {isa = PBXBuildFile; fileRef = BE6DEF7019180BD4008490FC /* main.m */; };
		BE6DEF7519180BD5008490FC /* KMAppDelegate.m in Sources */ = {isa = PBXBuildFile; fileRef = BE6DEF7419180BD5008490FC /* KMAppDelegate.m */; };
		BE6DEF7719180BD5008490FC /* Images.xcassets in Resources */ = {isa = PBXBuildFile; fileRef = BE6DEF7619180BD5008490FC /* Images.xcassets */; };
		BE6DEF7E19180BD9008490FC /* XCTest.framework in Frameworks */ = {isa = PBXBuildFile; fileRef = BE6DEF7D19180BD9008490FC /* XCTest.framework */; };
		BE6DEF7F19180BD9008490FC /* Foundation.framework in Frameworks */ = {isa = PBXBuildFile; fileRef = BE6DEF6419180BD4008490FC /* Foundation.framework */; };
		BE6DEF8019180BD9008490FC /* UIKit.framework in Frameworks */ = {isa = PBXBuildFile; fileRef = BE6DEF6819180BD4008490FC /* UIKit.framework */; };
		BE6DEF8819180BD9008490FC /* InfoPlist.strings in Resources */ = {isa = PBXBuildFile; fileRef = BE6DEF8619180BD9008490FC /* InfoPlist.strings */; };
		BE6DEF8A19180BD9008490FC /* KMAccordionTableViewControllerTests.m in Sources */ = {isa = PBXBuildFile; fileRef = BE6DEF8919180BD9008490FC /* KMAccordionTableViewControllerTests.m */; };
		BE6DEFA019180C7A008490FC /* KMSectionHeaderView.m in Sources */ = {isa = PBXBuildFile; fileRef = BE6DEF9619180C7A008490FC /* KMSectionHeaderView.m */; };
		BE6DEFA119180C7A008490FC /* KMSectionHeaderView.xib in Resources */ = {isa = PBXBuildFile; fileRef = BE6DEF9719180C7A008490FC /* KMSectionHeaderView.xib */; };
		BE6DEFA219180C7A008490FC /* KMSection.m in Sources */ = {isa = PBXBuildFile; fileRef = BE6DEF9A19180C7A008490FC /* KMSection.m */; };
		BE6DEFA319180C7A008490FC /* KMAccordionTableViewController.m in Sources */ = {isa = PBXBuildFile; fileRef = BE6DEF9D19180C7A008490FC /* KMAccordionTableViewController.m */; };
		BE6DEFA419180C7A008490FC /* MyViewController.m in Sources */ = {isa = PBXBuildFile; fileRef = BE6DEF9F19180C7A008490FC /* MyViewController.m */; };
		BE6DEFA819180D2A008490FC /* carat-open.png in Resources */ = {isa = PBXBuildFile; fileRef = BE6DEFA619180D2A008490FC /* carat-open.png */; };
		BE6DEFA919180D2A008490FC /* carat.png in Resources */ = {isa = PBXBuildFile; fileRef = BE6DEFA719180D2A008490FC /* carat.png */; };
/* End PBXBuildFile section */

/* Begin PBXContainerItemProxy section */
		BE6DEF8119180BD9008490FC /* PBXContainerItemProxy */ = {
			isa = PBXContainerItemProxy;
			containerPortal = BE6DEF5919180BD3008490FC /* Project object */;
			proxyType = 1;
			remoteGlobalIDString = BE6DEF6019180BD4008490FC;
			remoteInfo = KMAccordionTableViewController;
		};
/* End PBXContainerItemProxy section */

/* Begin PBXFileReference section */
		144BCBFE198278DC009D3E5C /* facebook_email.png */ = {isa = PBXFileReference; lastKnownFileType = image.png; path = facebook_email.png; sourceTree = "<group>"; };
		144BCBFF198278DC009D3E5C /* linkdin_Email.png */ = {isa = PBXFileReference; lastKnownFileType = image.png; path = linkdin_Email.png; sourceTree = "<group>"; };
		144BCC00198278DC009D3E5C /* Skype_Email.png */ = {isa = PBXFileReference; lastKnownFileType = image.png; path = Skype_Email.png; sourceTree = "<group>"; };
		58A2F813C2DB48A6ACECC1AD /* libPods.a */ = {isa = PBXFileReference; explicitFileType = archive.ar; includeInIndex = 0; path = libPods.a; sourceTree = BUILT_PRODUCTS_DIR; };
		64508BBD9ECAFBCCE08B0968 /* Pods.release.xcconfig */ = {isa = PBXFileReference; includeInIndex = 1; lastKnownFileType = text.xcconfig; name = Pods.release.xcconfig; path = "Pods/Target Support Files/Pods/Pods.release.xcconfig"; sourceTree = "<group>"; };
		6F488A7756D3B290E2C1C9C3 /* KMAppearence.h */ = {isa = PBXFileReference; fileEncoding = 4; lastKnownFileType = sourcecode.c.h; path = KMAppearence.h; sourceTree = "<group>"; };
		6F488B930B10737E789F36D8 /* KMAppearence.m */ = {isa = PBXFileReference; fileEncoding = 4; lastKnownFileType = sourcecode.c.objc; path = KMAppearence.m; sourceTree = "<group>"; };
		7F981DA421B13FBF2DEAECAC /* Pods.debug.xcconfig */ = {isa = PBXFileReference; includeInIndex = 1; lastKnownFileType = text.xcconfig; name = Pods.debug.xcconfig; path = "Pods/Target Support Files/Pods/Pods.debug.xcconfig"; sourceTree = "<group>"; };
		BE6DEF6119180BD4008490FC /* KMAccordionTableViewController.app */ = {isa = PBXFileReference; explicitFileType = wrapper.application; includeInIndex = 0; path = KMAccordionTableViewController.app; sourceTree = BUILT_PRODUCTS_DIR; };
		BE6DEF6419180BD4008490FC /* Foundation.framework */ = {isa = PBXFileReference; lastKnownFileType = wrapper.framework; name = Foundation.framework; path = System/Library/Frameworks/Foundation.framework; sourceTree = SDKROOT; };
		BE6DEF6619180BD4008490FC /* CoreGraphics.framework */ = {isa = PBXFileReference; lastKnownFileType = wrapper.framework; name = CoreGraphics.framework; path = System/Library/Frameworks/CoreGraphics.framework; sourceTree = SDKROOT; };
		BE6DEF6819180BD4008490FC /* UIKit.framework */ = {isa = PBXFileReference; lastKnownFileType = wrapper.framework; name = UIKit.framework; path = System/Library/Frameworks/UIKit.framework; sourceTree = SDKROOT; };
		BE6DEF6C19180BD4008490FC /* KMAccordionTableViewController-Info.plist */ = {isa = PBXFileReference; lastKnownFileType = text.plist.xml; path = "KMAccordionTableViewController-Info.plist"; sourceTree = "<group>"; };
		BE6DEF6E19180BD4008490FC /* en */ = {isa = PBXFileReference; lastKnownFileType = text.plist.strings; name = en; path = en.lproj/InfoPlist.strings; sourceTree = "<group>"; };
		BE6DEF7019180BD4008490FC /* main.m */ = {isa = PBXFileReference; lastKnownFileType = sourcecode.c.objc; path = main.m; sourceTree = "<group>"; };
		BE6DEF7219180BD4008490FC /* KMAccordionTableViewController-Prefix.pch */ = {isa = PBXFileReference; lastKnownFileType = sourcecode.c.h; path = "KMAccordionTableViewController-Prefix.pch"; sourceTree = "<group>"; };
		BE6DEF7319180BD5008490FC /* KMAppDelegate.h */ = {isa = PBXFileReference; lastKnownFileType = sourcecode.c.h; path = KMAppDelegate.h; sourceTree = "<group>"; };
		BE6DEF7419180BD5008490FC /* KMAppDelegate.m */ = {isa = PBXFileReference; lastKnownFileType = sourcecode.c.objc; path = KMAppDelegate.m; sourceTree = "<group>"; };
		BE6DEF7619180BD5008490FC /* Images.xcassets */ = {isa = PBXFileReference; lastKnownFileType = folder.assetcatalog; path = Images.xcassets; sourceTree = "<group>"; };
		BE6DEF7C19180BD9008490FC /* KMAccordionTableViewControllerTests.xctest */ = {isa = PBXFileReference; explicitFileType = wrapper.cfbundle; includeInIndex = 0; path = KMAccordionTableViewControllerTests.xctest; sourceTree = BUILT_PRODUCTS_DIR; };
		BE6DEF7D19180BD9008490FC /* XCTest.framework */ = {isa = PBXFileReference; lastKnownFileType = wrapper.framework; name = XCTest.framework; path = Library/Frameworks/XCTest.framework; sourceTree = DEVELOPER_DIR; };
		BE6DEF8519180BD9008490FC /* KMAccordionTableViewControllerTests-Info.plist */ = {isa = PBXFileReference; lastKnownFileType = text.plist.xml; path = "KMAccordionTableViewControllerTests-Info.plist"; sourceTree = "<group>"; };
		BE6DEF8719180BD9008490FC /* en */ = {isa = PBXFileReference; lastKnownFileType = text.plist.strings; name = en; path = en.lproj/InfoPlist.strings; sourceTree = "<group>"; };
		BE6DEF8919180BD9008490FC /* KMAccordionTableViewControllerTests.m */ = {isa = PBXFileReference; lastKnownFileType = sourcecode.c.objc; path = KMAccordionTableViewControllerTests.m; sourceTree = "<group>"; };
		BE6DEF9519180C7A008490FC /* KMSectionHeaderView.h */ = {isa = PBXFileReference; fileEncoding = 4; lastKnownFileType = sourcecode.c.h; path = KMSectionHeaderView.h; sourceTree = "<group>"; };
		BE6DEF9619180C7A008490FC /* KMSectionHeaderView.m */ = {isa = PBXFileReference; fileEncoding = 4; lastKnownFileType = sourcecode.c.objc; path = KMSectionHeaderView.m; sourceTree = "<group>"; };
		BE6DEF9719180C7A008490FC /* KMSectionHeaderView.xib */ = {isa = PBXFileReference; fileEncoding = 4; lastKnownFileType = file.xib; path = KMSectionHeaderView.xib; sourceTree = "<group>"; };
		BE6DEF9919180C7A008490FC /* KMSection.h */ = {isa = PBXFileReference; fileEncoding = 4; lastKnownFileType = sourcecode.c.h; path = KMSection.h; sourceTree = "<group>"; };
		BE6DEF9A19180C7A008490FC /* KMSection.m */ = {isa = PBXFileReference; fileEncoding = 4; lastKnownFileType = sourcecode.c.objc; path = KMSection.m; sourceTree = "<group>"; };
		BE6DEF9C19180C7A008490FC /* KMAccordionTableViewController.h */ = {isa = PBXFileReference; fileEncoding = 4; lastKnownFileType = sourcecode.c.h; path = KMAccordionTableViewController.h; sourceTree = "<group>"; };
		BE6DEF9D19180C7A008490FC /* KMAccordionTableViewController.m */ = {isa = PBXFileReference; fileEncoding = 4; lastKnownFileType = sourcecode.c.objc; path = KMAccordionTableViewController.m; sourceTree = "<group>"; };
		BE6DEF9E19180C7A008490FC /* MyViewController.h */ = {isa = PBXFileReference; fileEncoding = 4; lastKnownFileType = sourcecode.c.h; path = MyViewController.h; sourceTree = "<group>"; };
		BE6DEF9F19180C7A008490FC /* MyViewController.m */ = {isa = PBXFileReference; fileEncoding = 4; lastKnownFileType = sourcecode.c.objc; path = MyViewController.m; sourceTree = "<group>"; };
		BE6DEFA619180D2A008490FC /* carat-open.png */ = {isa = PBXFileReference; lastKnownFileType = image.png; path = "carat-open.png"; sourceTree = "<group>"; };
		BE6DEFA719180D2A008490FC /* carat.png */ = {isa = PBXFileReference; lastKnownFileType = image.png; path = carat.png; sourceTree = "<group>"; };
/* End PBXFileReference section */

/* Begin PBXFrameworksBuildPhase section */
		BE6DEF5E19180BD4008490FC /* Frameworks */ = {
			isa = PBXFrameworksBuildPhase;
			buildActionMask = 2147483647;
			files = (
				BE6DEF6719180BD4008490FC /* CoreGraphics.framework in Frameworks */,
				BE6DEF6919180BD4008490FC /* UIKit.framework in Frameworks */,
				BE6DEF6519180BD4008490FC /* Foundation.framework in Frameworks */,
				7140F31EFEDB44F5927FE2FF /* libPods.a in Frameworks */,
			);
			runOnlyForDeploymentPostprocessing = 0;
		};
		BE6DEF7919180BD9008490FC /* Frameworks */ = {
			isa = PBXFrameworksBuildPhase;
			buildActionMask = 2147483647;
			files = (
				BE6DEF7E19180BD9008490FC /* XCTest.framework in Frameworks */,
				BE6DEF8019180BD9008490FC /* UIKit.framework in Frameworks */,
				BE6DEF7F19180BD9008490FC /* Foundation.framework in Frameworks */,
			);
			runOnlyForDeploymentPostprocessing = 0;
		};
/* End PBXFrameworksBuildPhase section */

/* Begin PBXGroup section */
		06339D168DEB1FFE42154C43 /* Pods */ = {
			isa = PBXGroup;
			children = (
				7F981DA421B13FBF2DEAECAC /* Pods.debug.xcconfig */,
				64508BBD9ECAFBCCE08B0968 /* Pods.release.xcconfig */,
			);
			name = Pods;
			sourceTree = "<group>";
		};
		BE6DEF5819180BD3008490FC = {
			isa = PBXGroup;
			children = (
				BE6DEF6A19180BD4008490FC /* KMAccordionTableViewController */,
				BE6DEF8319180BD9008490FC /* KMAccordionTableViewControllerTests */,
				BE6DEF6319180BD4008490FC /* Frameworks */,
				BE6DEF6219180BD4008490FC /* Products */,
				06339D168DEB1FFE42154C43 /* Pods */,
			);
			sourceTree = "<group>";
		};
		BE6DEF6219180BD4008490FC /* Products */ = {
			isa = PBXGroup;
			children = (
				BE6DEF6119180BD4008490FC /* KMAccordionTableViewController.app */,
				BE6DEF7C19180BD9008490FC /* KMAccordionTableViewControllerTests.xctest */,
			);
			name = Products;
			sourceTree = "<group>";
		};
		BE6DEF6319180BD4008490FC /* Frameworks */ = {
			isa = PBXGroup;
			children = (
				BE6DEF6419180BD4008490FC /* Foundation.framework */,
				BE6DEF6619180BD4008490FC /* CoreGraphics.framework */,
				BE6DEF6819180BD4008490FC /* UIKit.framework */,
				BE6DEF7D19180BD9008490FC /* XCTest.framework */,
				58A2F813C2DB48A6ACECC1AD /* libPods.a */,
			);
			name = Frameworks;
			sourceTree = "<group>";
		};
		BE6DEF6A19180BD4008490FC /* KMAccordionTableViewController */ = {
			isa = PBXGroup;
			children = (
				BE6DEF9319180C7A008490FC /* Classes */,
				BE6DEF7319180BD5008490FC /* KMAppDelegate.h */,
				BE6DEF7419180BD5008490FC /* KMAppDelegate.m */,
				BE6DEF7619180BD5008490FC /* Images.xcassets */,
				BE6DEFA519180D2A008490FC /* Resources */,
				BE6DEF6B19180BD4008490FC /* Supporting Files */,
			);
			path = KMAccordionTableViewController;
			sourceTree = "<group>";
		};
		BE6DEF6B19180BD4008490FC /* Supporting Files */ = {
			isa = PBXGroup;
			children = (
				BE6DEF6C19180BD4008490FC /* KMAccordionTableViewController-Info.plist */,
				BE6DEF6D19180BD4008490FC /* InfoPlist.strings */,
				BE6DEF7019180BD4008490FC /* main.m */,
				BE6DEF7219180BD4008490FC /* KMAccordionTableViewController-Prefix.pch */,
			);
			name = "Supporting Files";
			sourceTree = "<group>";
		};
		BE6DEF8319180BD9008490FC /* KMAccordionTableViewControllerTests */ = {
			isa = PBXGroup;
			children = (
				BE6DEF8919180BD9008490FC /* KMAccordionTableViewControllerTests.m */,
				BE6DEF8419180BD9008490FC /* Supporting Files */,
			);
			path = KMAccordionTableViewControllerTests;
			sourceTree = "<group>";
		};
		BE6DEF8419180BD9008490FC /* Supporting Files */ = {
			isa = PBXGroup;
			children = (
				BE6DEF8519180BD9008490FC /* KMAccordionTableViewControllerTests-Info.plist */,
				BE6DEF8619180BD9008490FC /* InfoPlist.strings */,
			);
			name = "Supporting Files";
			sourceTree = "<group>";
		};
		BE6DEF9319180C7A008490FC /* Classes */ = {
			isa = PBXGroup;
			children = (
				BE6DEF9419180C7A008490FC /* Header */,
				BE6DEF9819180C7A008490FC /* Model */,
				BE6DEF9B19180C7A008490FC /* ViewController */,
			);
			path = Classes;
			sourceTree = "<group>";
		};
		BE6DEF9419180C7A008490FC /* Header */ = {
			isa = PBXGroup;
			children = (
				BE6DEF9519180C7A008490FC /* KMSectionHeaderView.h */,
				BE6DEF9619180C7A008490FC /* KMSectionHeaderView.m */,
				BE6DEF9719180C7A008490FC /* KMSectionHeaderView.xib */,
			);
			path = Header;
			sourceTree = "<group>";
		};
		BE6DEF9819180C7A008490FC /* Model */ = {
			isa = PBXGroup;
			children = (
				BE6DEF9919180C7A008490FC /* KMSection.h */,
				BE6DEF9A19180C7A008490FC /* KMSection.m */,
				6F488B930B10737E789F36D8 /* KMAppearence.m */,
				6F488A7756D3B290E2C1C9C3 /* KMAppearence.h */,
			);
			path = Model;
			sourceTree = "<group>";
		};
		BE6DEF9B19180C7A008490FC /* ViewController */ = {
			isa = PBXGroup;
			children = (
				BE6DEF9C19180C7A008490FC /* KMAccordionTableViewController.h */,
				BE6DEF9D19180C7A008490FC /* KMAccordionTableViewController.m */,
				BE6DEF9E19180C7A008490FC /* MyViewController.h */,
				BE6DEF9F19180C7A008490FC /* MyViewController.m */,
			);
			path = ViewController;
			sourceTree = "<group>";
		};
		BE6DEFA519180D2A008490FC /* Resources */ = {
			isa = PBXGroup;
			children = (
				144BCBFE198278DC009D3E5C /* facebook_email.png */,
				144BCBFF198278DC009D3E5C /* linkdin_Email.png */,
				144BCC00198278DC009D3E5C /* Skype_Email.png */,
				BE6DEFA619180D2A008490FC /* carat-open.png */,
				BE6DEFA719180D2A008490FC /* carat.png */,
			);
			path = Resources;
			sourceTree = "<group>";
		};
/* End PBXGroup section */

/* Begin PBXNativeTarget section */
		BE6DEF6019180BD4008490FC /* KMAccordionTableViewController */ = {
			isa = PBXNativeTarget;
			buildConfigurationList = BE6DEF8D19180BD9008490FC /* Build configuration list for PBXNativeTarget "KMAccordionTableViewController" */;
			buildPhases = (
				E7099655EADC44B9A90A4D4E /* Check Pods Manifest.lock */,
				BE6DEF5D19180BD4008490FC /* Sources */,
				BE6DEF5E19180BD4008490FC /* Frameworks */,
				BE6DEF5F19180BD4008490FC /* Resources */,
				10AB0B55E13F454F98CCA404 /* Copy Pods Resources */,
			);
			buildRules = (
			);
			dependencies = (
			);
			name = KMAccordionTableViewController;
			productName = KMAccordionTableViewController;
			productReference = BE6DEF6119180BD4008490FC /* KMAccordionTableViewController.app */;
			productType = "com.apple.product-type.application";
		};
		BE6DEF7B19180BD9008490FC /* KMAccordionTableViewControllerTests */ = {
			isa = PBXNativeTarget;
			buildConfigurationList = BE6DEF9019180BD9008490FC /* Build configuration list for PBXNativeTarget "KMAccordionTableViewControllerTests" */;
			buildPhases = (
				BE6DEF7819180BD9008490FC /* Sources */,
				BE6DEF7919180BD9008490FC /* Frameworks */,
				BE6DEF7A19180BD9008490FC /* Resources */,
			);
			buildRules = (
			);
			dependencies = (
				BE6DEF8219180BD9008490FC /* PBXTargetDependency */,
			);
			name = KMAccordionTableViewControllerTests;
			productName = KMAccordionTableViewControllerTests;
			productReference = BE6DEF7C19180BD9008490FC /* KMAccordionTableViewControllerTests.xctest */;
			productType = "com.apple.product-type.bundle.unit-test";
		};
/* End PBXNativeTarget section */

/* Begin PBXProject section */
		BE6DEF5919180BD3008490FC /* Project object */ = {
			isa = PBXProject;
			attributes = {
				CLASSPREFIX = KM;
				LastUpgradeCheck = 0510;
				TargetAttributes = {
					BE6DEF7B19180BD9008490FC = {
						TestTargetID = BE6DEF6019180BD4008490FC;
					};
				};
			};
			buildConfigurationList = BE6DEF5C19180BD3008490FC /* Build configuration list for PBXProject "KMAccordionTableViewController" */;
			compatibilityVersion = "Xcode 3.2";
			developmentRegion = English;
			hasScannedForEncodings = 0;
			knownRegions = (
				en,
			);
			mainGroup = BE6DEF5819180BD3008490FC;
			productRefGroup = BE6DEF6219180BD4008490FC /* Products */;
			projectDirPath = "";
			projectRoot = "";
			targets = (
				BE6DEF6019180BD4008490FC /* KMAccordionTableViewController */,
				BE6DEF7B19180BD9008490FC /* KMAccordionTableViewControllerTests */,
			);
		};
/* End PBXProject section */

/* Begin PBXResourcesBuildPhase section */
		BE6DEF5F19180BD4008490FC /* Resources */ = {
			isa = PBXResourcesBuildPhase;
			buildActionMask = 2147483647;
			files = (
				BE6DEFA119180C7A008490FC /* KMSectionHeaderView.xib in Resources */,
				BE6DEF6F19180BD4008490FC /* InfoPlist.strings in Resources */,
				144BCC01198278DC009D3E5C /* facebook_email.png in Resources */,
				BE6DEF7719180BD5008490FC /* Images.xcassets in Resources */,
				144BCC02198278DC009D3E5C /* linkdin_Email.png in Resources */,
				144BCC03198278DC009D3E5C /* Skype_Email.png in Resources */,
				BE6DEFA819180D2A008490FC /* carat-open.png in Resources */,
				BE6DEFA919180D2A008490FC /* carat.png in Resources */,
			);
			runOnlyForDeploymentPostprocessing = 0;
		};
		BE6DEF7A19180BD9008490FC /* Resources */ = {
			isa = PBXResourcesBuildPhase;
			buildActionMask = 2147483647;
			files = (
				BE6DEF8819180BD9008490FC /* InfoPlist.strings in Resources */,
			);
			runOnlyForDeploymentPostprocessing = 0;
		};
/* End PBXResourcesBuildPhase section */

/* Begin PBXShellScriptBuildPhase section */
		10AB0B55E13F454F98CCA404 /* Copy Pods Resources */ = {
			isa = PBXShellScriptBuildPhase;
			buildActionMask = 2147483647;
			files = (
			);
			inputPaths = (
			);
			name = "Copy Pods Resources";
			outputPaths = (
			);
			runOnlyForDeploymentPostprocessing = 0;
			shellPath = /bin/sh;
			shellScript = "\"${SRCROOT}/Pods/Target Support Files/Pods/Pods-resources.sh\"\n";
			showEnvVarsInLog = 0;
		};
		E7099655EADC44B9A90A4D4E /* Check Pods Manifest.lock */ = {
			isa = PBXShellScriptBuildPhase;
			buildActionMask = 2147483647;
			files = (
			);
			inputPaths = (
			);
			name = "Check Pods Manifest.lock";
			outputPaths = (
			);
			runOnlyForDeploymentPostprocessing = 0;
			shellPath = /bin/sh;
			shellScript = "diff \"${PODS_ROOT}/../Podfile.lock\" \"${PODS_ROOT}/Manifest.lock\" > /dev/null\nif [[ $? != 0 ]] ; then\n    cat << EOM\nerror: The sandbox is not in sync with the Podfile.lock. Run 'pod install' or update your CocoaPods installation.\nEOM\n    exit 1\nfi\n";
			showEnvVarsInLog = 0;
		};
/* End PBXShellScriptBuildPhase section */

/* Begin PBXSourcesBuildPhase section */
		BE6DEF5D19180BD4008490FC /* Sources */ = {
			isa = PBXSourcesBuildPhase;
			buildActionMask = 2147483647;
			files = (
				BE6DEFA419180C7A008490FC /* MyViewController.m in Sources */,
				BE6DEF7519180BD5008490FC /* KMAppDelegate.m in Sources */,
				BE6DEFA019180C7A008490FC /* KMSectionHeaderView.m in Sources */,
				BE6DEF7119180BD4008490FC /* main.m in Sources */,
				BE6DEFA219180C7A008490FC /* KMSection.m in Sources */,
				BE6DEFA319180C7A008490FC /* KMAccordionTableViewController.m in Sources */,
				6F4882DDE569E80F4FABE10A /* KMAppearence.m in Sources */,
			);
			runOnlyForDeploymentPostprocessing = 0;
		};
		BE6DEF7819180BD9008490FC /* Sources */ = {
			isa = PBXSourcesBuildPhase;
			buildActionMask = 2147483647;
			files = (
				BE6DEF8A19180BD9008490FC /* KMAccordionTableViewControllerTests.m in Sources */,
			);
			runOnlyForDeploymentPostprocessing = 0;
		};
/* End PBXSourcesBuildPhase section */

/* Begin PBXTargetDependency section */
		BE6DEF8219180BD9008490FC /* PBXTargetDependency */ = {
			isa = PBXTargetDependency;
			target = BE6DEF6019180BD4008490FC /* KMAccordionTableViewController */;
			targetProxy = BE6DEF8119180BD9008490FC /* PBXContainerItemProxy */;
		};
/* End PBXTargetDependency section */

/* Begin PBXVariantGroup section */
		BE6DEF6D19180BD4008490FC /* InfoPlist.strings */ = {
			isa = PBXVariantGroup;
			children = (
				BE6DEF6E19180BD4008490FC /* en */,
			);
			name = InfoPlist.strings;
			sourceTree = "<group>";
		};
		BE6DEF8619180BD9008490FC /* InfoPlist.strings */ = {
			isa = PBXVariantGroup;
			children = (
				BE6DEF8719180BD9008490FC /* en */,
			);
			name = InfoPlist.strings;
			sourceTree = "<group>";
		};
/* End PBXVariantGroup section */

/* Begin XCBuildConfiguration section */
		BE6DEF8B19180BD9008490FC /* Debug */ = {
			isa = XCBuildConfiguration;
			buildSettings = {
				ALWAYS_SEARCH_USER_PATHS = NO;
				CLANG_CXX_LANGUAGE_STANDARD = "gnu++0x";
				CLANG_CXX_LIBRARY = "libc++";
				CLANG_ENABLE_MODULES = YES;
				CLANG_ENABLE_OBJC_ARC = YES;
				CLANG_WARN_BOOL_CONVERSION = YES;
				CLANG_WARN_CONSTANT_CONVERSION = YES;
				CLANG_WARN_DIRECT_OBJC_ISA_USAGE = YES_ERROR;
				CLANG_WARN_EMPTY_BODY = YES;
				CLANG_WARN_ENUM_CONVERSION = YES;
				CLANG_WARN_INT_CONVERSION = YES;
				CLANG_WARN_OBJC_ROOT_CLASS = YES_ERROR;
				CLANG_WARN__DUPLICATE_METHOD_MATCH = YES;
				"CODE_SIGN_IDENTITY[sdk=iphoneos*]" = "iPhone Developer";
				COPY_PHASE_STRIP = NO;
				GCC_C_LANGUAGE_STANDARD = gnu99;
				GCC_DYNAMIC_NO_PIC = NO;
				GCC_OPTIMIZATION_LEVEL = 0;
				GCC_PREPROCESSOR_DEFINITIONS = (
					"DEBUG=1",
					"$(inherited)",
				);
				GCC_SYMBOLS_PRIVATE_EXTERN = NO;
				GCC_WARN_64_TO_32_BIT_CONVERSION = YES;
				GCC_WARN_ABOUT_RETURN_TYPE = YES_ERROR;
				GCC_WARN_UNDECLARED_SELECTOR = YES;
				GCC_WARN_UNINITIALIZED_AUTOS = YES_AGGRESSIVE;
				GCC_WARN_UNUSED_FUNCTION = YES;
				GCC_WARN_UNUSED_VARIABLE = YES;
				IPHONEOS_DEPLOYMENT_TARGET = 7.1;
				ONLY_ACTIVE_ARCH = YES;
				SDKROOT = iphoneos;
			};
			name = Debug;
		};
		BE6DEF8C19180BD9008490FC /* Release */ = {
			isa = XCBuildConfiguration;
			buildSettings = {
				ALWAYS_SEARCH_USER_PATHS = NO;
				CLANG_CXX_LANGUAGE_STANDARD = "gnu++0x";
				CLANG_CXX_LIBRARY = "libc++";
				CLANG_ENABLE_MODULES = YES;
				CLANG_ENABLE_OBJC_ARC = YES;
				CLANG_WARN_BOOL_CONVERSION = YES;
				CLANG_WARN_CONSTANT_CONVERSION = YES;
				CLANG_WARN_DIRECT_OBJC_ISA_USAGE = YES_ERROR;
				CLANG_WARN_EMPTY_BODY = YES;
				CLANG_WARN_ENUM_CONVERSION = YES;
				CLANG_WARN_INT_CONVERSION = YES;
				CLANG_WARN_OBJC_ROOT_CLASS = YES_ERROR;
				CLANG_WARN__DUPLICATE_METHOD_MATCH = YES;
				"CODE_SIGN_IDENTITY[sdk=iphoneos*]" = "iPhone Developer";
				COPY_PHASE_STRIP = YES;
				ENABLE_NS_ASSERTIONS = NO;
				GCC_C_LANGUAGE_STANDARD = gnu99;
				GCC_WARN_64_TO_32_BIT_CONVERSION = YES;
				GCC_WARN_ABOUT_RETURN_TYPE = YES_ERROR;
				GCC_WARN_UNDECLARED_SELECTOR = YES;
				GCC_WARN_UNINITIALIZED_AUTOS = YES_AGGRESSIVE;
				GCC_WARN_UNUSED_FUNCTION = YES;
				GCC_WARN_UNUSED_VARIABLE = YES;
				IPHONEOS_DEPLOYMENT_TARGET = 7.1;
				SDKROOT = iphoneos;
				VALIDATE_PRODUCT = YES;
			};
			name = Release;
		};
		BE6DEF8E19180BD9008490FC /* Debug */ = {
			isa = XCBuildConfiguration;
			baseConfigurationReference = 7F981DA421B13FBF2DEAECAC /* Pods.debug.xcconfig */;
			buildSettings = {
				ASSETCATALOG_COMPILER_APPICON_NAME = AppIcon;
				ASSETCATALOG_COMPILER_LAUNCHIMAGE_NAME = LaunchImage;
				GCC_PRECOMPILE_PREFIX_HEADER = YES;
				GCC_PREFIX_HEADER = "KMAccordionTableViewController/KMAccordionTableViewController-Prefix.pch";
				INFOPLIST_FILE = "KMAccordionTableViewController/KMAccordionTableViewController-Info.plist";
				PRODUCT_NAME = "$(TARGET_NAME)";
				WRAPPER_EXTENSION = app;
			};
			name = Debug;
		};
		BE6DEF8F19180BD9008490FC /* Release */ = {
			isa = XCBuildConfiguration;
			baseConfigurationReference = 64508BBD9ECAFBCCE08B0968 /* Pods.release.xcconfig */;
			buildSettings = {
				ASSETCATALOG_COMPILER_APPICON_NAME = AppIcon;
				ASSETCATALOG_COMPILER_LAUNCHIMAGE_NAME = LaunchImage;
				GCC_PRECOMPILE_PREFIX_HEADER = YES;
				GCC_PREFIX_HEADER = "KMAccordionTableViewController/KMAccordionTableViewController-Prefix.pch";
				INFOPLIST_FILE = "KMAccordionTableViewController/KMAccordionTableViewController-Info.plist";
				PRODUCT_NAME = "$(TARGET_NAME)";
				WRAPPER_EXTENSION = app;
			};
			name = Release;
		};
		BE6DEF9119180BD9008490FC /* Debug */ = {
			isa = XCBuildConfiguration;
			buildSettings = {
				BUNDLE_LOADER = "$(BUILT_PRODUCTS_DIR)/KMAccordionTableViewController.app/KMAccordionTableViewController";
				FRAMEWORK_SEARCH_PATHS = (
					"$(SDKROOT)/Developer/Library/Frameworks",
					"$(inherited)",
					"$(DEVELOPER_FRAMEWORKS_DIR)",
				);
				GCC_PRECOMPILE_PREFIX_HEADER = YES;
				GCC_PREFIX_HEADER = "KMAccordionTableViewController/KMAccordionTableViewController-Prefix.pch";
				GCC_PREPROCESSOR_DEFINITIONS = (
					"DEBUG=1",
					"$(inherited)",
				);
				INFOPLIST_FILE = "KMAccordionTableViewControllerTests/KMAccordionTableViewControllerTests-Info.plist";
				PRODUCT_NAME = "$(TARGET_NAME)";
				TEST_HOST = "$(BUNDLE_LOADER)";
				WRAPPER_EXTENSION = xctest;
			};
			name = Debug;
		};
		BE6DEF9219180BD9008490FC /* Release */ = {
			isa = XCBuildConfiguration;
			buildSettings = {
				BUNDLE_LOADER = "$(BUILT_PRODUCTS_DIR)/KMAccordionTableViewController.app/KMAccordionTableViewController";
				FRAMEWORK_SEARCH_PATHS = (
					"$(SDKROOT)/Developer/Library/Frameworks",
					"$(inherited)",
					"$(DEVELOPER_FRAMEWORKS_DIR)",
				);
				GCC_PRECOMPILE_PREFIX_HEADER = YES;
				GCC_PREFIX_HEADER = "KMAccordionTableViewController/KMAccordionTableViewController-Prefix.pch";
				INFOPLIST_FILE = "KMAccordionTableViewControllerTests/KMAccordionTableViewControllerTests-Info.plist";
				PRODUCT_NAME = "$(TARGET_NAME)";
				TEST_HOST = "$(BUNDLE_LOADER)";
				WRAPPER_EXTENSION = xctest;
			};
			name = Release;
		};
/* End XCBuildConfiguration section */

/* Begin XCConfigurationList section */
		BE6DEF5C19180BD3008490FC /* Build configuration list for PBXProject "KMAccordionTableViewController" */ = {
			isa = XCConfigurationList;
			buildConfigurations = (
				BE6DEF8B19180BD9008490FC /* Debug */,
				BE6DEF8C19180BD9008490FC /* Release */,
			);
			defaultConfigurationIsVisible = 0;
			defaultConfigurationName = Release;
		};
		BE6DEF8D19180BD9008490FC /* Build configuration list for PBXNativeTarget "KMAccordionTableViewController" */ = {
			isa = XCConfigurationList;
			buildConfigurations = (
				BE6DEF8E19180BD9008490FC /* Debug */,
				BE6DEF8F19180BD9008490FC /* Release */,
			);
			defaultConfigurationIsVisible = 0;
			defaultConfigurationName = Release;
		};
		BE6DEF9019180BD9008490FC /* Build configuration list for PBXNativeTarget "KMAccordionTableViewControllerTests" */ = {
			isa = XCConfigurationList;
			buildConfigurations = (
				BE6DEF9119180BD9008490FC /* Debug */,
				BE6DEF9219180BD9008490FC /* Release */,
			);
			defaultConfigurationIsVisible = 0;
			defaultConfigurationName = Release;
		};
/* End XCConfigurationList section */
	};
	rootObject = BE6DEF5919180BD3008490FC /* Project object */;
}
